tools:
- name: metams_plot
  owner: workflow4metabolomics
  revisions:
  - ba609408eee9
  tool_panel_section_id: metams
  tool_panel_section_label: metaMS
  tool_shed_url: toolshed.g2.bx.psu.edu
- name: metams_rungc
  owner: yguitton
  revisions:
  - 93508ea69eb5
  tool_panel_section_id: metams
  tool_panel_section_label: metaMS
  tool_shed_url: toolshed.g2.bx.psu.edu
