install_repository_dependencies: true
install_resolver_dependencies: false
install_tool_dependencies: false
tools:
- name: recetox_msfinder
  owner: recetox
  revisions:
  - e7eff0c9baa3
  tool_panel_section_id: recetox
  tool_panel_section_label: RECETOX
- name: rem_complex
  owner: recetox
  revisions:
  - 1dc9f5a3163d
  - 567327a97ad2
  - 60db8070a5c3
  - a0e07a0bc047
  tool_panel_section_id: recetox
  tool_panel_section_label: RECETOX
- name: msmetaenhancer
  owner: recetox
  revisions:
  - 3e2cb0bc6959
  - b5467dead5b1
  tool_panel_section_id: recetox
  tool_panel_section_label: RECETOX
- name: xtb_molecular_optimization
  owner: recetox
  revisions:
  - 6e1ef071fffc
  - cba7123c2741
  - d5633eaf3552
  tool_panel_section_id: recetox
  tool_panel_section_label: RECETOX
- name: recetox_xmsannotator_advanced
  owner: recetox
  revisions:
  - 2c6fa447f6a0
  - 6b5dec818827
  tool_panel_section_id: recetox
  tool_panel_section_label: RECETOX
- name: waveica
  owner: recetox
  revisions:
  - 071a424241ec
  - 1a2aeb8137bf
  - 6480c6d5fa36
  - bf32ae95a06f
  tool_panel_section_id: recetox
  tool_panel_section_label: RECETOX
- name: ramclustr
  owner: recetox
  revisions:
  - 050cfef6ba65
  - da7722f665f4
  tool_panel_section_id: recetox
  tool_panel_section_label: RECETOX
- name: rmassbank
  owner: recetox
  revisions:
  - 0b28816c1c2c
  - 5a6bb93ec656
  tool_panel_section_id: recetox
  tool_panel_section_label: RECETOX
- name: biotransformer
  owner: recetox
  revisions:
  - 0b86600b715e
  - 6cd2a9e6ac49
  - e5fcba090b10
  tool_panel_section_id: recetox
  tool_panel_section_label: RECETOX
- name: spec2vec_training
  owner: recetox
  revisions:
  - 9d917de87cca
  - e1e22ada831e
  tool_panel_section_id: recetox
  tool_panel_section_label: RECETOX
- name: riassigner
  owner: recetox
  revisions:
  - af25aa61c611
  - c702620c22b1
  tool_panel_section_id: recetox
  tool_panel_section_label: RECETOX
- name: ramclustr_define_experiment
  owner: recetox
  revisions:
  - 25625114618e
  - f2c1d0bbb074
  tool_panel_section_id: recetox
  tool_panel_section_label: RECETOX
- name: filter_compounds
  owner: recetox
  revisions:
  - 6c5df3eeb768
  - 72b687d21f65
  tool_panel_section_id: recetox
  tool_panel_section_label: RECETOX
- name: thermo_raw_file_converter
  owner: galaxyp
  revisions:
  - 19e45916daf9
  tool_panel_section_id: recetox
  tool_panel_section_label: RECETOX
- name: assign_ri_from_comment
  owner: recetox
  revisions:
  - 6975af39ba79
  - 7226eba9c09d
  - 97ccdb1ba47c
  tool_panel_section_id: recetox
  tool_panel_section_label: RECETOX
- name: rename_annotated_feature
  owner: recetox
  revisions:
  - 268fcec93d9c
  tool_panel_section_id: recetox
  tool_panel_section_label: RECETOX
- name: spec2vec_similarity
  owner: recetox
  revisions:
  - 721a4e666191
  tool_panel_section_id: recetox
  tool_panel_section_label: RECETOX
- name: rcx_tk
  owner: recetox
  revisions:
  - 54401f9d1a30
  tool_panel_section_id: recetox
  tool_panel_section_label: RECETOX
- name: ms2deepscore_config_generator
  owner: recetox
  revisions:
  - 7e4ac334fc33
  tool_panel_section_id: recetox
  tool_panel_section_label: RECETOX
- name: ms2deepscore_similarity
  owner: recetox
  revisions:
  - 58c95171a0d3
  tool_panel_section_id: recetox
  tool_panel_section_label: RECETOX
- name: ms2deepscore_training
  owner: recetox
  revisions:
  - 0a0529822d91
  tool_panel_section_id: recetox
  tool_panel_section_label: RECETOX
- name: target_screen
  owner: recetox
  revisions:
  - d4c2d5bc0524
  tool_panel_section_id: recetox
  tool_panel_section_label: RECETOX
- name: isolib
  owner: recetox
  revisions:
  - 2b1118bce0b1
  tool_panel_section_id: recetox
  tool_panel_section_label: RECETOX
