install_repository_dependencies: true
install_resolver_dependencies: false
install_tool_dependencies: false
tools:
- name: recetox_aplcms_merge_known_table
  owner: recetox
  revisions:
  - 04892b463957
  - 17a48d0a80f4
  - b7c8a44b9cc1
  - cf061712a184
  - dd7bbc2b99d1
  tool_panel_section_id: recetox_aplcms
  tool_panel_section_label: recetox-aplcms
- name: recetox_aplcms_compute_template
  owner: recetox
  revisions:
  - 134be5abb208
  - 481d769e2f7a
  - 4963811b6dec
  - 50b9918aeff2
  - dfebc82ba1f0
  tool_panel_section_id: recetox_aplcms
  tool_panel_section_label: recetox-aplcms
- name: recetox_aplcms_generate_feature_table
  owner: recetox
  revisions:
  - 6ba3526237e0
  - 89178a72388a
  - b3413f335327
  - b341cfd4baf8
  - e7305ba0dd38
  tool_panel_section_id: recetox_aplcms
  tool_panel_section_label: recetox-aplcms
- name: recetox_aplcms_remove_noise
  owner: recetox
  revisions:
  - 7acd11ddc061
  - b5a1f35abd8a
  - d90187b0f247
  - ea0758b41473
  - ffbabefbd2e2
  tool_panel_section_id: recetox_aplcms
  tool_panel_section_label: recetox-aplcms
- name: recetox_aplcms_correct_time
  owner: recetox
  revisions:
  - 02c772a49998
  - 1574b8a29e6f
  - 501a232f3cd5
  - 51332c2520c7
  - 9064aecc78a7
  - a82db010c53e
  tool_panel_section_id: recetox_aplcms
  tool_panel_section_label: recetox-aplcms
- name: recetox_aplcms_compute_clusters
  owner: recetox
  revisions:
  - 149b9cc7499b
  - 18ec7635bac6
  - 59c393d35e0e
  - b9b19a74ac01
  - f3a18e020cdd
  tool_panel_section_id: recetox_aplcms
  tool_panel_section_label: recetox-aplcms
- name: recetox_aplcms_align_features
  owner: recetox
  revisions:
  - 79ad928a0dae
  - 7b42ee54d757
  - c53a97599181
  - d5c638b72ce4
  - ec196e27a61a
  tool_panel_section_id: recetox_aplcms
  tool_panel_section_label: recetox-aplcms
- name: recetox_aplcms_recover_weaker_signals
  owner: recetox
  revisions:
  - 24278c6b6d1c
  - 99d118321d5f
  - d7f5878a98c3
  - e0536ff73f36
  - f92b1b64da93
  tool_panel_section_id: recetox_aplcms
  tool_panel_section_label: recetox-aplcms
