tools:
- name: datamash_transpose
  owner: iuc
  revisions:
  - 22c2a1ac7ae3
  - a513e3fbb4c5
  tool_panel_section_id: text_manipulation
  tool_panel_section_label: Text Manipulation
  tool_shed_url: toolshed.g2.bx.psu.edu
- name: diff
  owner: bgruening
  revisions:
  - 156d0908e232
  - 10ef1bf99074
  - 95a9dc82fc9a
  tool_panel_section_id: text_manipulation
  tool_panel_section_label: Text Manipulation
  tool_shed_url: toolshed.g2.bx.psu.edu
- name: text_processing
  owner: bgruening
  revisions:
  - 86755160afbf
  - ddf54b12c295
  tool_panel_section_id: text_manipulation
  tool_panel_section_label: Text Manipulation
  tool_shed_url: toolshed.g2.bx.psu.edu
- name: table_compute
  owner: iuc
  revisions:
  - 3bf5661c0280
  tool_panel_section_id: text_manipulation
  tool_panel_section_label: Text Manipulation
  tool_shed_url: toolshed.g2.bx.psu.edu
