install_repository_dependencies: true
install_resolver_dependencies: false
install_tool_dependencies: false
tools:
- name: chipeakanno_annopeaks
  owner: kpbioteam
  revisions:
  - 104882a2de00
  tool_panel_section_id: annotation
  tool_panel_section_label: Annotation
- name: exonerate
  owner: iuc
  revisions:
  - 2485637fe656
  - a03dead1bede
  tool_panel_section_id: annotation
  tool_panel_section_label: Annotation
- name: mitos2
  owner: iuc
  revisions:
  - 033755194fe9
  - 624606f7c996
  - c8ac28e8ac44
  tool_panel_section_id: annotation
  tool_panel_section_label: Annotation
- name: repeat_masker
  owner: bgruening
  revisions:
  - 3f987772e283
  - ba6d2c32f797
  tool_panel_section_id: annotation
  tool_panel_section_label: Annotation
- name: busco
  owner: iuc
  revisions:
  - 94170eee0ad8
  - bb935709506a
  - e5c372c91e46
  tool_panel_section_id: annotation
  tool_panel_section_label: Annotation
- name: optitype
  owner: iuc
  revisions:
  - fd974c5df8bc
  tool_panel_section_id: annotation
  tool_panel_section_label: Annotation
- name: prokka
  owner: crs4
  revisions:
  - 8a22554cdde2
  tool_panel_section_id: annotation
  tool_panel_section_label: Annotation
- name: roary
  owner: iuc
  revisions:
  - 91887494eb97
  - 9b2b122d0415
  tool_panel_section_id: annotation
  tool_panel_section_label: Annotation
- name: tbprofiler
  owner: iuc
  revisions:
  - 2c68b0c38785
  - 45083d070fb8
  - 8cb134b8c1a5
  tool_panel_section_id: annotation
  tool_panel_section_label: Annotation
- name: hmmer_nhmmer
  owner: iuc
  revisions:
  - 54b92ae4f75b
  - b28e8ed99424
  tool_panel_section_id: annotation
  tool_panel_section_label: Annotation
- name: hmmer_hmmbuild
  owner: iuc
  revisions:
  - 4b996c837ec8
  - dc8860ba75d1
  tool_panel_section_id: annotation
  tool_panel_section_label: Annotation
- name: hmmer_hmmscan
  owner: iuc
  revisions:
  - 4a54e4c9188b
  - be072920a53e
  tool_panel_section_id: annotation
  tool_panel_section_label: Annotation
- name: hmmer_phmmer
  owner: iuc
  revisions:
  - 37bcc9fb0bb1
  - 8a791afd99fb
  tool_panel_section_id: annotation
  tool_panel_section_label: Annotation
- name: hmmer_jackhmmer
  owner: iuc
  revisions:
  - 6e27bb3f0fa6
  - 9fdeca68a6b5
  tool_panel_section_id: annotation
  tool_panel_section_label: Annotation
- name: hmmer_nhmmscan
  owner: iuc
  revisions:
  - e07176c0925d
  - fb1305d0d1c6
  tool_panel_section_id: annotation
  tool_panel_section_label: Annotation
- name: hmmer_hmmsearch
  owner: iuc
  revisions:
  - d753d9169482
  - df7a52791be9
  tool_panel_section_id: annotation
  tool_panel_section_label: Annotation
- name: kofamscan
  owner: iuc
  revisions:
  - 23494763e39e
  - 8ec7636fa875
  tool_panel_section_id: annotation
  tool_panel_section_label: Annotation
- name: tbl2gff3
  owner: iuc
  revisions:
  - 4a7f4b0cc0a3
  tool_panel_section_id: annotation
  tool_panel_section_label: Annotation
- name: annotatemyids
  owner: iuc
  revisions:
  - 133f36c29579
  - a79ee60b6926
  - cd2480f35935
  - fe3ca740a485
  tool_panel_section_id: annotation
  tool_panel_section_label: Annotation
- name: mob_suite
  owner: nml
  revisions:
  - '179497074102'
  - 93ba63eaf394
  tool_panel_section_id: annotation
  tool_panel_section_label: Annotation
- name: ectyper
  owner: nml
  revisions:
  - 08d801182fa1
  - 9cd096bee567
  tool_panel_section_id: annotation
  tool_panel_section_label: Annotation
- name: sistr_cmd
  owner: nml
  revisions:
  - 24a7a95867b0
  - cf767360ede1
  tool_panel_section_id: annotation
  tool_panel_section_label: Annotation
- name: mitos
  owner: iuc
  revisions:
  - 96c36179210e
  - c7553ba39670
  - f20804c311de
  tool_panel_section_id: annotation
  tool_panel_section_label: Annotation
- name: antismash
  owner: bgruening
  revisions:
  - bc88856eddab
  - e78e25d3b4bd
  tool_panel_section_id: annotation
  tool_panel_section_label: Annotation
- name: chipseeker
  owner: rnateam
  revisions:
  - 1b9a9409831d
  - 4c2dbe4dbb4e
  - 8bd92f2404dd
  - b418a1d3585d
  tool_panel_section_id: annotation
  tool_panel_section_label: Annotation
- name: progressivemauve
  owner: iuc
  revisions:
  - ce795616bd9c
  tool_panel_section_id: annotation
  tool_panel_section_label: Annotation
- name: mlst
  owner: iuc
  revisions:
  - 31812e7a1315
  tool_panel_section_id: annotation
  tool_panel_section_label: Annotation
- name: bp_genbank2gff3
  owner: iuc
  revisions:
  - 11c3eb512633
  tool_panel_section_id: annotation
  tool_panel_section_label: Annotation
- name: seq2hla
  owner: iuc
  revisions:
  - 5a7cd6c39085
  - 86d0ce0560a1
  tool_panel_section_id: annotation
  tool_panel_section_label: Annotation
- name: fastani
  owner: iuc
  revisions:
  - 2c7ac12ad75a
  - 3c6e0e8df873
  tool_panel_section_id: annotation
  tool_panel_section_label: Annotation
- name: transit_tn5gaps
  owner: iuc
  revisions:
  - 3f5fc4b09496
  tool_panel_section_id: annotation
  tool_panel_section_label: Annotation
- name: transit_resampling
  owner: iuc
  revisions:
  - 885459e1c83b
  tool_panel_section_id: annotation
  tool_panel_section_label: Annotation
- name: transit_hmm
  owner: iuc
  revisions:
  - 7db455b6434b
  tool_panel_section_id: annotation
  tool_panel_section_label: Annotation
- name: transit_gumbel
  owner: iuc
  revisions:
  - 8fc50fe60127
  tool_panel_section_id: annotation
  tool_panel_section_label: Annotation
- name: tetyper
  owner: iuc
  revisions:
  - 2b21643ce8d7
  - edcf603bedfd
  tool_panel_section_id: annotation
  tool_panel_section_label: Annotation
- name: augustus_training
  owner: bgruening
  revisions:
  - aada0deea587
  - dc027fa56d55
  tool_panel_section_id: annotation
  tool_panel_section_label: Annotation
- name: augustus
  owner: bgruening
  revisions:
  - 0fc0f9cf035a
  - 28433faa6e42
  tool_panel_section_id: annotation
  tool_panel_section_label: Annotation
- name: fargene
  owner: iuc
  revisions:
  - 239ce9f24386
  - b982a9ea939c
  tool_panel_section_id: annotation
  tool_panel_section_label: Annotation
- name: kobas
  owner: iuc
  revisions:
  - 20f1b45dea63
  tool_panel_section_id: annotation
  tool_panel_section_label: Annotation
- name: gff_to_prot
  owner: iuc
  revisions:
  - 07d7991bf205
  tool_panel_section_id: annotation
  tool_panel_section_label: Annotation
- name: gprofiler_snpense
  owner: iuc
  revisions:
  - 74385d563652
  tool_panel_section_id: annotation
  tool_panel_section_label: Annotation
- name: gprofiler_random
  owner: iuc
  revisions:
  - 7d18814397a7
  tool_panel_section_id: annotation
  tool_panel_section_label: Annotation
- name: gprofiler_gost
  owner: iuc
  revisions:
  - bf39cdd007f5
  tool_panel_section_id: annotation
  tool_panel_section_label: Annotation
- name: gprofiler_orth
  owner: iuc
  revisions:
  - 727e7e114f9d
  tool_panel_section_id: annotation
  tool_panel_section_label: Annotation
- name: gprofiler_convert
  owner: iuc
  revisions:
  - 8ee097f1763d
  tool_panel_section_id: annotation
  tool_panel_section_label: Annotation
- name: abricate
  owner: iuc
  revisions:
  - 1bb2ba6d3d96
  - 3f3e247c053d
  - 4efdca267d51
  - 78c75f134c16
  - 862f5a86854d
  - c2ef298da409
  - f9bf6a8d8547
  tool_panel_section_id: annotation
  tool_panel_section_label: Annotation
- name: blastxml_to_gapped_gff3
  owner: iuc
  revisions:
  - 561e827baa5f
  tool_panel_section_id: annotation
  tool_panel_section_label: Annotation
- name: maker
  owner: iuc
  revisions:
  - 370c210d9541
  tool_panel_section_id: annotation
  tool_panel_section_label: Annotation
- name: column_maker
  owner: devteam
  revisions:
  - 9cd341095afd
  - aff5135563c6
  tool_panel_section_id: annotation
  tool_panel_section_label: Annotation
- name: socru
  owner: iuc
  revisions:
  - ce0c9fe32e04
  tool_panel_section_id: annotation
  tool_panel_section_label: Annotation
- name: goseq
  owner: iuc
  revisions:
  - 602de62d995b
  tool_panel_section_id: annotation
  tool_panel_section_label: Annotation
- name: snap_training
  owner: iuc
  revisions:
  - 2a598c0aa042
  tool_panel_section_id: annotation
  tool_panel_section_label: Annotation
- name: maker_map_ids
  owner: iuc
  revisions:
  - e906fa778440
  tool_panel_section_id: annotation
  tool_panel_section_label: Annotation
- name: fgsea
  owner: iuc
  revisions:
  - 17eb1e0d711f
  tool_panel_section_id: annotation
  tool_panel_section_label: Annotation
- name: sortmerna
  owner: rnateam
  revisions:
  - 10b84b577117
  - 1eafcc450052
  - 59252ca85c74
  - 65c38d020fea
  - b482293b2987
  - eb35257d2e29
  tool_panel_section_id: annotation
  tool_panel_section_label: Annotation
- name: spaln
  owner: iuc
  revisions:
  - 2e92e1929cb1
  tool_panel_section_id: annotation
  tool_panel_section_label: Annotation
- name: goslimmer
  owner: iuc
  revisions:
  - de3e053bd6a5
  tool_panel_section_id: annotation
  tool_panel_section_label: Annotation
- name: goenrichment
  owner: iuc
  revisions:
  - 2c7c9646ccf0
  tool_panel_section_id: annotation
  tool_panel_section_label: Annotation
- name: jcvi_gff_stats
  owner: iuc
  revisions:
  - 8cffbd184762
  tool_panel_section_id: annotation
  tool_panel_section_label: Annotation
- name: hammock
  owner: hammock
  revisions:
  - 4db310b7e37c
  - afddbcbc8ee8
  tool_panel_section_id: annotation
  tool_panel_section_label: Annotation
- name: tmhmm_and_signalp
  owner: peterjc
  revisions:
  - e1996f0f4e85
  tool_panel_section_id: annotation
  tool_panel_section_label: Annotation
- name: picrust_metagenome_contributions
  owner: iuc
  revisions:
  - 857e8724b43f
  tool_panel_section_id: annotation
  tool_panel_section_label: Annotation
- name: picrust_format_tree_and_trait_table
  owner: iuc
  revisions:
  - 9a0f8171a2e2
  tool_panel_section_id: annotation
  tool_panel_section_label: Annotation
- name: picrust_compare_biom
  owner: iuc
  revisions:
  - 0ba7dfaa941d
  - 8e2ac1b8f70a
  tool_panel_section_id: annotation
  tool_panel_section_label: Annotation
- name: picrust_predict_metagenomes
  owner: iuc
  revisions:
  - f17b7d5a87f7
  tool_panel_section_id: annotation
  tool_panel_section_label: Annotation
- name: picrust_categorize
  owner: iuc
  revisions:
  - 8c7bafdb713f
  tool_panel_section_id: annotation
  tool_panel_section_label: Annotation
- name: trna_prediction
  owner: bgruening
  revisions:
  - 358f58401cd6
  tool_panel_section_id: annotation
  tool_panel_section_label: Annotation
- name: transtermhp
  owner: iuc
  revisions:
  - 012171ba9fce
  - 42b38f6d9f68
  tool_panel_section_id: annotation
  tool_panel_section_label: Annotation
- name: segmentation_fold
  owner: yhoogstrate
  revisions:
  - 09e921a25c68
  - 4d16cf9414cf
  tool_panel_section_id: annotation
  tool_panel_section_label: Annotation
- name: gubbins
  owner: iuc
  revisions:
  - 96e6283e4745
  tool_panel_section_id: annotation
  tool_panel_section_label: Annotation
- name: braker
  owner: genouest
  revisions:
  - ca7c12566894
  - f432bb944473
  tool_panel_section_id: annotation
  tool_panel_section_label: Annotation
- name: multigsea
  owner: iuc
  revisions:
  - 28e29a3d0eda
  - e08383c04167
  tool_panel_section_id: annotation
  tool_panel_section_label: Annotation
- name: repeatmodeler
  owner: csbl
  revisions:
  - 1e10310ce195
  - 4a172d211285
  - 8661b2607b7e
  tool_panel_section_id: annotation
  tool_panel_section_label: Annotation
- name: probmetab
  owner: mmonsoor
  revisions:
  - 3a9914b37f2f
  - 52b222a626b0
  tool_panel_section_id: annotation
  tool_panel_section_label: Annotation
- name: lcmsmatching
  owner: prog
  revisions:
  - 253d531a0193
  - f86fec07f392
  - fb9c0409d85c
  tool_panel_section_id: annotation
  tool_panel_section_label: Annotation
- name: nucleosome_prediction
  owner: bgruening
  revisions:
  - 2c42bb973ac3
  - 49d81e777389
  tool_panel_section_id: annotation
  tool_panel_section_label: Annotation
- name: orthofinder_onlygroups
  owner: iuc
  revisions:
  - 3b974afde673
  - b3d25fae5389
  tool_panel_section_id: annotation
  tool_panel_section_label: Annotation
- name: dotknot
  owner: bgruening
  revisions:
  - 42d20ff5da1b
  tool_panel_section_id: annotation
  tool_panel_section_label: Annotation
- name: hmmer_alimask
  owner: iuc
  revisions:
  - 80c713789d13
  - e3e5f208e93c
  tool_panel_section_id: annotation
  tool_panel_section_label: Annotation
- name: hmmer_hmmalign
  owner: iuc
  revisions:
  - 24fa8e890f08
  - 71863d3bf721
  tool_panel_section_id: annotation
  tool_panel_section_label: Annotation
- name: hmmer_hmmconvert
  owner: iuc
  revisions:
  - a9dace1a1e36
  - db8a5a3195e7
  tool_panel_section_id: annotation
  tool_panel_section_label: Annotation
- name: hmmer_hmmemit
  owner: iuc
  revisions:
  - 96b127c59e6a
  - be03abdc6451
  tool_panel_section_id: annotation
  tool_panel_section_label: Annotation
- name: hmmer_hmmfetch
  owner: iuc
  revisions:
  - 34b09461bf87
  - a28fd001de59
  tool_panel_section_id: annotation
  tool_panel_section_label: Annotation
- name: find_subsequences
  owner: bgruening
  revisions:
  - d882a0a75759
  tool_panel_section_id: annotation
  tool_panel_section_label: Annotation
- name: gotohscan
  owner: rnateam
  revisions:
  - 6845ddcd5588
  - c172fed9eb75
  tool_panel_section_id: annotation
  tool_panel_section_label: Annotation
- name: cryptogenotyper
  owner: nml
  revisions:
  - d4a96287909e
  tool_panel_section_id: annotation
  tool_panel_section_label: Annotation
- name: dgidb_annotator
  owner: devteam
  revisions:
  - 792f3cb0eff4
  - c5bb987015c5
  tool_panel_section_id: annotation
  tool_panel_section_label: Annotation
- name: hhsearch
  owner: guerler
  revisions:
  - 589e4d51bda4
  tool_panel_section_id: annotation
  tool_panel_section_label: Annotation
- name: glimmer_build_icm
  owner: bgruening
  revisions:
  - cc51783dc93c
  - e903e26c014d
  tool_panel_section_id: annotation
  tool_panel_section_label: Annotation
- name: glimmer_knowledge_based
  owner: bgruening
  revisions:
  - 21d0af260f11
  - ce89c473666d
  tool_panel_section_id: annotation
  tool_panel_section_label: Annotation
- name: glimmer_not_knowledge_based
  owner: bgruening
  revisions:
  - 73c58e2debd0
  - 75cedbd8cf1b
  tool_panel_section_id: annotation
  tool_panel_section_label: Annotation
- name: tbvcfreport
  owner: iuc
  revisions:
  - 4934c0ac6197
  - 9793bc5d741b
  tool_panel_section_id: annotation
  tool_panel_section_label: Annotation
- name: tb_variant_filter
  owner: iuc
  revisions:
  - 32f14a2723ec
  - ee4a90760848
  tool_panel_section_id: annotation
  tool_panel_section_label: Annotation
- name: lorikeet_spoligotype
  owner: iuc
  revisions:
  - da22667725c7
  - f9c37d0b3002
  tool_panel_section_id: annotation
  tool_panel_section_label: Annotation
- name: spotyping
  owner: iuc
  revisions:
  - efa2be6db310
  tool_panel_section_id: annotation
  tool_panel_section_label: Annotation
- name: homer_scanmotifgenomewide
  owner: iuc
  revisions:
  - db456c398880
  - f15794662a69
  tool_panel_section_id: annotation
  tool_panel_section_label: Annotation
- name: homer_annotatepeaks
  owner: iuc
  revisions:
  - 35dc2f57d755
  - dcd291aeb8a9
  tool_panel_section_id: annotation
  tool_panel_section_label: Annotation
- name: homer_findmotifsgenome
  owner: iuc
  revisions:
  - 081139509124
  - a8f207b43f64
  tool_panel_section_id: annotation
  tool_panel_section_label: Annotation
- name: homer_gtf_to_annotations
  owner: iuc
  revisions:
  - 396cf2c12173
  - df55927535ed
  tool_panel_section_id: annotation
  tool_panel_section_label: Annotation
- name: hamronize_tool
  owner: iuc
  revisions:
  - 41c7e03b3eab
  - cbfa52c8f1ef
  tool_panel_section_id: annotation
  tool_panel_section_label: Annotation
- name: hamronize_summarize
  owner: iuc
  revisions:
  - 243c87f34f39
  - 88045b4d5597
  tool_panel_section_id: annotation
  tool_panel_section_label: Annotation
- name: gecco
  owner: althonos
  revisions:
  - a41a2bcb0b91
  tool_panel_section_id: annotation
  tool_panel_section_label: Annotation
- name: interproscan
  owner: bgruening
  revisions:
  - 74810db257cc
  tool_panel_section_id: annotation
  tool_panel_section_label: Annotation
- name: legsta
  owner: iuc
  revisions:
  - 0411fca1d681
  - 579f1cabfe79
  tool_panel_section_id: annotation
  tool_panel_section_label: Annotation
- name: te_finder
  owner: iuc
  revisions:
  - 2edb80d68a1b
  tool_panel_section_id: annotation
  tool_panel_section_label: Annotation
- name: isescan
  owner: iuc
  revisions:
  - 19f42b3ea391
  - 9e776e7fab4f
  tool_panel_section_id: annotation
  tool_panel_section_label: Annotation
- name: miniprot
  owner: iuc
  revisions:
  - 52bdc302299b
  - 6b20d051d0dc
  - ce04c239454b
  tool_panel_section_id: annotation
  tool_panel_section_label: Annotation
- name: netboxr
  owner: bgruening
  revisions:
  - 785ed8621503
  tool_panel_section_id: annotation
  tool_panel_section_label: Annotation
- name: plasmidfinder
  owner: iuc
  revisions:
  - 7075b7a5441b
  tool_panel_section_id: annotation
  tool_panel_section_label: Annotation
- name: miniprot_index
  owner: iuc
  revisions:
  - 3ccb407501d8
  - aeb4c76d007b
  - d6a874226260
  tool_panel_section_id: annotation
  tool_panel_section_label: Annotation
- name: red
  owner: iuc
  revisions:
  - 18a46265455b
  - db57bc3b57af
  tool_panel_section_id: annotation
  tool_panel_section_label: Annotation
- name: integron_finder
  owner: iuc
  revisions:
  - 1ae00120dd24
  - 4768f7f8e93f
  - bfd290fe1588
  tool_panel_section_id: annotation
  tool_panel_section_label: Annotation
- name: edta
  owner: bgruening
  revisions:
  - f1a157358d4d
  tool_panel_section_id: annotation
  tool_panel_section_label: Annotation
- name: bakta
  owner: iuc
  revisions:
  - 728dacaf08a9
  - d77802fe76f7
  - da5f1924bb2e
  tool_panel_section_id: annotation
  tool_panel_section_label: Annotation
- name: cpat
  owner: bgruening
  revisions:
  - 7ccc6234b54e
  - 8e9e228c54c4
  tool_panel_section_id: annotation
  tool_panel_section_label: Annotation
- name: gffcompare
  owner: iuc
  revisions:
  - 3c5e024a18cf
  - f99dd58de04f
  tool_panel_section_id: annotation
  tool_panel_section_label: Annotation
- name: pfamscan
  owner: bgruening
  revisions:
  - 15cff34c2005
  tool_panel_section_id: annotation
  tool_panel_section_label: Annotation
- name: pharokka
  owner: iuc
  revisions:
  - 2f40d2ccb0eb
  tool_panel_section_id: annotation
  tool_panel_section_label: Annotation
- name: homer_findmotifs
  owner: iuc
  revisions:
  - 453ebddf5bb2
  tool_panel_section_id: annotation
  tool_panel_section_label: Annotation
- name: braker3
  owner: genouest
  revisions:
  - a9b0b926e133
  - bd103884a09c
  tool_panel_section_id: annotation
  tool_panel_section_label: Annotation
- name: cpt_phageqc_annotations
  owner: cpt
  revisions:
  - c3140b08d703
  tool_panel_section_id: annotation
  tool_panel_section_label: Annotation
- name: cpt_gff_extract_seq
  owner: cpt
  revisions:
  - 3d9f283ff09d
  - ab40380424c9
  tool_panel_section_id: annotation
  tool_panel_section_label: Annotation
- name: cpt_intron_detection
  owner: cpt
  revisions:
  - 0a98d5259ef0
  tool_panel_section_id: annotation
  tool_panel_section_label: Annotation
- name: cpt_lipory
  owner: cpt
  revisions:
  - 2654bcd9b14d
  - b79df4966ebb
  tool_panel_section_id: annotation
  tool_panel_section_label: Annotation
- name: cpt_gbk_renumber
  owner: cpt
  revisions:
  - 8cac332dbc77
  tool_panel_section_id: annotation
  tool_panel_section_label: Annotation
- name: cpt_genome_editor
  owner: cpt
  revisions:
  - 0e8079ac24f8
  - 78ce8a1a8fd1
  tool_panel_section_id: annotation
  tool_panel_section_label: Annotation
- name: cpt_annotation_table
  owner: cpt
  revisions:
  - 6998c2570145
  - 848dd74f4382
  tool_panel_section_id: annotation
  tool_panel_section_label: Annotation
- name: cpt_gff_rebase
  owner: cpt
  revisions:
  - 4f4b413056f6
  - d0b52c1d6b25
  tool_panel_section_id: annotation
  tool_panel_section_label: Annotation
- name: cpt_require_shine
  owner: cpt
  revisions:
  - a6dc48930318
  tool_panel_section_id: annotation
  tool_panel_section_label: Annotation
- name: cpt_get_orfs
  owner: cpt
  revisions:
  - f56389d8abda
  tool_panel_section_id: annotation
  tool_panel_section_label: Annotation
- name: cpt_gff_add_parents
  owner: cpt
  revisions:
  - d839cfd1c3a6
  tool_panel_section_id: annotation
  tool_panel_section_label: Annotation
- name: cpt_fix_sixpack
  owner: cpt
  revisions:
  - 326429ea1d33
  - e23a13d56fce
  tool_panel_section_id: annotation
  tool_panel_section_label: Annotation
- name: cpt_shinefind
  owner: cpt
  revisions:
  - 6a5aac2a4c89
  - 75f99d20c2a2
  tool_panel_section_id: annotation
  tool_panel_section_label: Annotation
- name: cpt_type_filter
  owner: cpt
  revisions:
  - a77124b86382
  - d40c9632250f
  tool_panel_section_id: annotation
  tool_panel_section_label: Annotation
- name: cpt_req_phage_start
  owner: cpt
  revisions:
  - 33b5403e0357
  - 4962f275bcaa
  tool_panel_section_id: annotation
  tool_panel_section_label: Annotation
- name: cpt_remove_annotations
  owner: cpt
  revisions:
  - 49f50c55a9f8
  tool_panel_section_id: annotation
  tool_panel_section_label: Annotation
- name: cpt_prep_for_apollo
  owner: cpt
  revisions:
  - 6901154b1003
  tool_panel_section_id: annotation
  tool_panel_section_label: Annotation
- name: cpt_convert_glimmer
  owner: cpt
  revisions:
  - 746e52d94b49
  - faff58a642fb
  tool_panel_section_id: annotation
  tool_panel_section_label: Annotation
- name: agat
  owner: bgruening
  revisions:
  - d6ede73082da
  - e009d8260be2
  tool_panel_section_id: annotation
  tool_panel_section_label: Annotation
- name: helixer
  owner: genouest
  revisions:
  - 7bc75dd0f782
  - c2fc4ac35199
  tool_panel_section_id: annotation
  tool_panel_section_label: Annotation
- name: hmmer3
  owner: iuc
  revisions:
  - 54b6b4d0613a
  - b5066aa77fea
  tool_panel_section_id: annotation
  tool_panel_section_label: Annotation
- name: cpt_intersect_adjacent
  owner: cpt
  revisions:
  - 7e393668b4b9
  tool_panel_section_id: annotation
  tool_panel_section_label: Annotation
- name: blast2go
  owner: peterjc
  revisions:
  - 8664c4c94764
  - e23b621eb7bb
  tool_panel_section_id: annotation
  tool_panel_section_label: Annotation
- name: funannotate_predict
  owner: iuc
  revisions:
  - 2bba2ff070d9
  - 3cc3ef448854
  - 4b96ced19f75
  tool_panel_section_id: annotation
  tool_panel_section_label: Annotation
- name: funannotate_compare
  owner: iuc
  revisions:
  - 0418d28136de
  - 563a19373357
  - 7f8f38e27dee
  tool_panel_section_id: annotation
  tool_panel_section_label: Annotation
- name: funannotate_clean
  owner: iuc
  revisions:
  - 19ddd5557b4f
  - 8e1ace8f77c6
  - a230ea445788
  tool_panel_section_id: annotation
  tool_panel_section_label: Annotation
- name: funannotate_annotate
  owner: iuc
  revisions:
  - 0b8d49d3742d
  - 14f588312c56
  - 9c15ca7e764e
  tool_panel_section_id: annotation
  tool_panel_section_label: Annotation
- name: funannotate_sort
  owner: iuc
  revisions:
  - 0346aad0d6dd
  - b3cf4684e9c7
  - d77fdcca400e
  tool_panel_section_id: annotation
  tool_panel_section_label: Annotation
