install_repository_dependencies: true
install_resolver_dependencies: false
install_tool_dependencies: false
tools:
- name: rnaquast
  owner: iuc
  revisions:
  - 96f74538896e
  - f73ab5187eed
  - f89e3c318453
  tool_panel_section_id: assembly
  tool_panel_section_label: Assembly
- name: verkko
  owner: iuc
  revisions:
  - cf54dafa0403
  tool_panel_section_id: assembly
  tool_panel_section_label: Assembly
- name: purge_dups
  owner: iuc
  revisions:
  - e9bd16ba5ebd
  tool_panel_section_id: assembly
  tool_panel_section_label: Assembly
- name: cactus_cactus
  owner: galaxy-australia
  revisions:
  - 098506c54016
  - 2263989660f5
  - 3c8227556fdc
  - 48c13389050d
  - 80f03df2e2ce
  - 94b8c6013083
  - 9baa871cb1d1
  - 9eeb13a92d79
  - a74dbfee5a86
  - bdfbaf0c10aa
  - cd07731e4434
  tool_panel_section_id: assembly
  tool_panel_section_label: Assembly
- name: getorganelle
  owner: iuc
  revisions:
  - 06bcf65179fb
  - 611219887a48
  - 8b330a577046
  - ba88bc5a6446
  tool_panel_section_id: assembly
  tool_panel_section_label: Assembly
- name: hifiasm
  owner: bgruening
  revisions:
  - 170061c052ad
  - 60024a528cbd
  - c388a21dcbf1
  tool_panel_section_id: assembly
  tool_panel_section_label: Assembly
- name: abyss
  owner: iuc
  revisions:
  - 8f1b150a2487
  - a929ce596a34
  - db9b10824c61
  tool_panel_section_id: assembly
  tool_panel_section_label: Assembly
- name: mitohifi
  owner: bgruening
  revisions:
  - 99ddbf037d98
  - f6065bc6e428
  tool_panel_section_id: assembly
  tool_panel_section_label: Assembly
- name: smudgeplot
  owner: galaxy-australia
  revisions:
  - 015283de3004
  - 24e471d13fe9
  - 5a0ddb4dc3a4
  tool_panel_section_id: assembly
  tool_panel_section_label: Assembly
- name: trycycler_cluster
  owner: iuc
  revisions:
  - 0368ac680e70
  - 505a9833ab5d
  - 8f631679571f
  tool_panel_section_id: assembly
  tool_panel_section_label: Assembly
- name: trycycler_consensus
  owner: iuc
  revisions:
  - 19bdfd1e6fe3
  - 9ded6109434a
  - a7ed21de23fe
  tool_panel_section_id: assembly
  tool_panel_section_label: Assembly
- name: trycycler_partition
  owner: iuc
  revisions:
  - 7673a6c920b2
  - 80a17897564d
  - b23249f81bc4
  tool_panel_section_id: assembly
  tool_panel_section_label: Assembly
- name: trycycler_reconcile_msa
  owner: iuc
  revisions:
  - 59bd28f6265d
  - cb1e3db43020
  - ed312479d9eb
  tool_panel_section_id: assembly
  tool_panel_section_label: Assembly
- name: trycycler_subsample
  owner: iuc
  revisions:
  - 05bd7504fdb2
  - 2628f6790eda
  - b9b0246a2be3
  tool_panel_section_id: assembly
  tool_panel_section_label: Assembly
- name: canu
  owner: bgruening
  revisions:
  - 5732f959936a
  - 86f150c8019d
  tool_panel_section_id: assembly
  tool_panel_section_label: Assembly
- name: mitobim
  owner: iuc
  revisions:
  - ea46115c7f1e
  tool_panel_section_id: assembly
  tool_panel_section_label: Assembly
- name: trimns
  owner: iuc
  revisions:
  - 30178a68af68
  tool_panel_section_id: assembly
  tool_panel_section_label: Assembly
- name: aegean_parseval
  owner: iuc
  revisions:
  - 1b52f0c8ad7f
  - d6c074a93c51
  tool_panel_section_id: assembly
  tool_panel_section_label: Assembly
- name: aegean_locuspocus
  owner: iuc
  revisions:
  - 1fdc517743e6
  - c4ac24510b55
  tool_panel_section_id: assembly
  tool_panel_section_label: Assembly
- name: aegean_gaeval
  owner: iuc
  revisions:
  - 1dd7adc21b6d
  - 8dc7512c9dc9
  tool_panel_section_id: assembly
  tool_panel_section_label: Assembly
- name: aegean_canongff3
  owner: iuc
  revisions:
  - 3f438bf5475d
  - c45c9dd066e2
  tool_panel_section_id: assembly
  tool_panel_section_label: Assembly
- name: salsa
  owner: iuc
  revisions:
  - 58a870ef434c
  - 9a22227bb6d0
  tool_panel_section_id: assembly
  tool_panel_section_label: Assembly
- name: shasta
  owner: iuc
  revisions:
  - 60573349e9ae
  tool_panel_section_id: assembly
  tool_panel_section_label: Assembly
- name: colibread_lordec
  owner: iuc
  revisions:
  - a32b531f66a0
  - c126b04edfd2
  tool_panel_section_id: assembly
  tool_panel_section_label: Assembly
- name: novoplasty
  owner: iuc
  revisions:
  - 15200570e926
  tool_panel_section_id: assembly
  tool_panel_section_label: Assembly
- name: megahit
  owner: iuc
  revisions:
  - 02a822e32de7
  - 14ddfc8ffb93
  - 7518ee87b53d
  - 98242353faa4
  - ab208c87d973
  - de387b2b2803
  tool_panel_section_id: assembly
  tool_panel_section_label: Assembly
- name: idba_tran
  owner: iuc
  revisions:
  - 03de4e0f84c2
  tool_panel_section_id: assembly
  tool_panel_section_label: Assembly
- name: shovill
  owner: iuc
  revisions:
  - ad80238462c1
  - ee17a294d3a3
  tool_panel_section_id: assembly
  tool_panel_section_label: Assembly
- name: racon
  owner: bgruening
  revisions:
  - 39bed8de8017
  - 51fd3136069d
  - 78c533842eeb
  - 936f0b5e7fcc
  - a199cd7ac344
  - aa39b19ca11e
  - cd06929b224b
  - d865b62f501c
  tool_panel_section_id: assembly
  tool_panel_section_label: Assembly
- name: minia
  owner: iuc
  revisions:
  - 734cd5f1c1b2
  tool_panel_section_id: assembly
  tool_panel_section_label: Assembly
- name: flye
  owner: bgruening
  revisions:
  - 13e27b9094e8
  - 1ce9b1d72ec3
  - 276f5d8712d5
  - 3ee0ef312022
  - 8d4f03b5fe9d
  - cb8dfd28c16f
  - cd256484eb1a
  - e27815e82dd4
  tool_panel_section_id: assembly
  tool_panel_section_label: Assembly
- name: quast
  owner: iuc
  revisions:
  - 3061c8b029e5
  - 342a1d1fed7b
  - 59db8ea8c845
  - 675488238c96
  - 72472698a2df
  - 736d51130b41
  - 7594365c546b
  - 81df4950d65b
  - 875d0f36d66f
  - a3b35edea53a
  - ebb0dcdb621a
  tool_panel_section_id: assembly
  tool_panel_section_label: Assembly
- name: miniasm
  owner: iuc
  revisions:
  - 80d1250bd5fd
  - b799a615995d
  tool_panel_section_id: assembly
  tool_panel_section_label: Assembly
- name: unicycler
  owner: iuc
  revisions:
  - d10bdad2fd17
  - e022dff952df
  tool_panel_section_id: assembly
  tool_panel_section_label: Assembly
- name: idba_ud
  owner: iuc
  revisions:
  - 1542a2fffe0c
  tool_panel_section_id: assembly
  tool_panel_section_label: Assembly
- name: idba_hybrid
  owner: iuc
  revisions:
  - 5c5806e23338
  tool_panel_section_id: assembly
  tool_panel_section_label: Assembly
- name: spades
  owner: nml
  revisions:
  - 33368fec3b70
  - b512435320e3
  tool_panel_section_id: assembly
  tool_panel_section_label: Assembly
- name: velvetoptimiser
  owner: simon-gladman
  revisions:
  - 37d88f41c810
  - 82398ba86ba7
  tool_panel_section_id: assembly
  tool_panel_section_label: Assembly
- name: pilon
  owner: iuc
  revisions:
  - 11e5408fd238
  tool_panel_section_id: assembly
  tool_panel_section_label: Assembly
- name: wtdbg
  owner: bgruening
  revisions:
  - 2668027a533b
  - 6a060928f7ff
  tool_panel_section_id: assembly
  tool_panel_section_label: Assembly
- name: metaspades
  owner: nml
  revisions:
  - 2ecf5a570907
  - 697c9156dafe
  - fd128c111ab0
  tool_panel_section_id: assembly
  tool_panel_section_label: Assembly
- name: disco
  owner: iuc
  revisions:
  - dfefaf2bab95
  tool_panel_section_id: assembly
  tool_panel_section_label: Assembly
- name: rnaspades
  owner: iuc
  revisions:
  - 001aa495b39a
  - 1d06c8b38e77
  tool_panel_section_id: assembly
  tool_panel_section_label: Assembly
- name: meryl
  owner: iuc
  revisions:
  - 29dabd8db6f2
  tool_panel_section_id: assembly
  tool_panel_section_label: Assembly
- name: mira_assembler
  owner: peterjc
  revisions:
  - 63ebe9726219
  tool_panel_section_id: assembly
  tool_panel_section_label: Assembly
- name: edena
  owner: crs4
  revisions:
  - b8c6a38530eb
  tool_panel_section_id: assembly
  tool_panel_section_label: Assembly
- name: sopra
  owner: crs4
  revisions:
  - 87ffe493b6c1
  tool_panel_section_id: assembly
  tool_panel_section_label: Assembly
- name: ssake
  owner: crs4
  revisions:
  - f20db7280f89
  tool_panel_section_id: assembly
  tool_panel_section_label: Assembly
- name: crispr_recognition_tool
  owner: bgruening
  revisions:
  - 13999e95b2d3
  - db0f5c1cb227
  tool_panel_section_id: assembly
  tool_panel_section_label: Assembly
- name: minced
  owner: bgruening
  revisions:
  - e8cbdbc4de58
  tool_panel_section_id: assembly
  tool_panel_section_label: Assembly
- name: merqury
  owner: iuc
  revisions:
  - 09c589057ee8
  - eb7b00ec347d
  - f8113c25bc6b
  tool_panel_section_id: assembly
  tool_panel_section_label: Assembly
- name: genomescope
  owner: iuc
  revisions:
  - 01210c4e9144
  - 460fad600dce
  tool_panel_section_id: assembly
  tool_panel_section_label: Assembly
- name: pretext_map
  owner: iuc
  revisions:
  - c6cec5ab35c1
  - dfb8a4497339
  tool_panel_section_id: assembly
  tool_panel_section_label: Assembly
- name: bionano_scaffold
  owner: bgruening
  revisions:
  - 22286dab5aa1
  - 3371c5bdc17a
  tool_panel_section_id: assembly
  tool_panel_section_label: Assembly
- name: bellerophon
  owner: iuc
  revisions:
  - 25ca5d73aedf
  - 321347bd0494
  tool_panel_section_id: assembly
  tool_panel_section_label: Assembly
- name: raven
  owner: iuc
  revisions:
  - 27a172326f4e
  - 2b2a352488fa
  tool_panel_section_id: assembly
  tool_panel_section_label: Assembly
- name: ragtag
  owner: iuc
  revisions:
  - b3c3217c0cbc
  tool_panel_section_id: assembly
  tool_panel_section_label: Assembly
- name: tgsgapcloser
  owner: bgruening
  revisions:
  - 86fa46d3ce2e
  tool_panel_section_id: assembly
  tool_panel_section_label: Assembly
- name: hypo
  owner: iuc
  revisions:
  - d7c48cf1bf50
  tool_panel_section_id: assembly
  tool_panel_section_label: Assembly
- name: spades_rnaviralspades
  owner: iuc
  revisions:
  - a9aa4115cb68
  - d5fb354f745d
  tool_panel_section_id: assembly
  tool_panel_section_label: Assembly
- name: spades_plasmidspades
  owner: iuc
  revisions:
  - 1708851f8804
  - b40b77418372
  tool_panel_section_id: assembly
  tool_panel_section_label: Assembly
- name: spades_metaviralspades
  owner: iuc
  revisions:
  - 328aa71f0f3c
  - 6766a94ef559
  tool_panel_section_id: assembly
  tool_panel_section_label: Assembly
- name: spades_metaplasmidspades
  owner: iuc
  revisions:
  - c5c4fa59be65
  - e5a3b75a271f
  tool_panel_section_id: assembly
  tool_panel_section_label: Assembly
- name: spades_coronaspades
  owner: iuc
  revisions:
  - 152ff7d1817a
  - 34305b013402
  tool_panel_section_id: assembly
  tool_panel_section_label: Assembly
- name: spades_biosyntheticspades
  owner: iuc
  revisions:
  - 051fd2db8a27
  - 60b8f1668552
  tool_panel_section_id: assembly
  tool_panel_section_label: Assembly
- name: links
  owner: iuc
  revisions:
  - 7acd9ade2dd1
  tool_panel_section_id: assembly
  tool_panel_section_label: Assembly
- name: aligned_to_consensus
  owner: ecology
  revisions:
  - 0ccbe1c20fc3
  tool_panel_section_id: assembly
  tool_panel_section_label: Assembly
- name: cactus_export
  owner: galaxy-australia
  revisions:
  - 3ff17bad4006
  - 5bf688a3ee2c
  - '764845535798'
  - aaa0d6a8b808
  - bc3831dd65c1
  - be78f13134e2
  - c44f824c051a
  - d7ce0ec78e51
  - f0af8936ed41
  - f14193ec1f50
  - fc2e49f91e52
  tool_panel_section_id: assembly
  tool_panel_section_label: Assembly
- name: gfastats
  owner: bgruening
  revisions:
  - 50b6ec4074f4
  - 5799092ffdff
  tool_panel_section_id: assembly
  tool_panel_section_label: Assembly
- name: yahs
  owner: iuc
  revisions:
  - 39495e107274
  - 425e63adcc5d
  - ff4031bfaa22
  tool_panel_section_id: assembly
  tool_panel_section_label: Assembly
- name: velvet
  owner: devteam
  revisions:
  - 920677cd220f
  tool_panel_section_id: assembly
  tool_panel_section_label: Assembly
- name: cap3
  owner: artbio
  revisions:
  - a36a1acd5807
  - d76a0d8a9eac
  tool_panel_section_id: assembly
  tool_panel_section_label: Assembly
- name: hapog
  owner: iuc
  revisions:
  - 5287036a797a
  - 7d56a813fd24
  - c61bc8bb5f1e
  tool_panel_section_id: assembly
  tool_panel_section_label: Assembly
- name: minipolish
  owner: bgruening
  revisions:
  - 1f9f2edc8cf4
  tool_panel_section_id: assembly
  tool_panel_section_label: Assembly
- name: instagraal
  owner: bgruening
  revisions:
  - d1be552c6034
  tool_panel_section_id: assembly
  tool_panel_section_label: Assembly
- name: necat
  owner: iuc
  revisions:
  - 6ee7eb5821f0
  tool_panel_section_id: assembly
  tool_panel_section_label: Assembly
- name: biscot
  owner: iuc
  revisions:
  - ef4b5ce71745
  tool_panel_section_id: assembly
  tool_panel_section_label: Assembly
- name: hifiasm_meta
  owner: galaxy-australia
  revisions:
  - 15dbb444df71
  - 213df31ba341
  - fa35f1106d3e
  tool_panel_section_id: assembly
  tool_panel_section_label: Assembly
- name: blobtoolkit
  owner: bgruening
  revisions:
  - '392811378515'
  - 53dd00a4ab68
  - 7d9ee8cd14b8
  - 840822c1e84a
  tool_panel_section_id: assembly
  tool_panel_section_label: Assembly
- name: nextdenovo
  owner: bgruening
  revisions:
  - 733eab97b979
  tool_panel_section_id: assembly
  tool_panel_section_label: Assembly
