install_repository_dependencies: true
install_resolver_dependencies: false
install_tool_dependencies: false
tools:
- name: fastqc
  owner: devteam
  revisions:
  - 28d39af2dd06
  - 2c64fded1286
  - 2d094334f61e
  - 3d0c7bdf12f5
  - 3fdc1a74d866
  - 484e86282f4b
  - 5ec9f6bceaee
  - a00a6402d09a
  - d2cf2c0c8a11
  - e28c965eeed4
  - f2e8552cf1d0
  tool_panel_section_id: fasta_fastq
  tool_panel_section_label: FASTA/FASTQ
- name: cutadapt
  owner: lparsons
  revisions:
  - 135b80fb1ac2
  - 8c0175e03cee
  - c0b2c2e39c9c
  tool_panel_section_id: fasta_fastq
  tool_panel_section_label: FASTA/FASTQ
- name: fastqe
  owner: iuc
  revisions:
  - 89d299153577
  - c1a33f603da2
  tool_panel_section_id: fasta_fastq
  tool_panel_section_label: FASTA/FASTQ
- name: short_reads_trim_seq
  owner: devteam
  revisions:
  - 25e6fe525306
  tool_panel_section_id: fasta_fastq
  tool_panel_section_label: FASTA/FASTQ
- name: short_reads_figure_score
  owner: devteam
  revisions:
  - b52b9c7aabd9
  tool_panel_section_id: fasta_fastq
  tool_panel_section_label: FASTA/FASTQ
- name: fasta_compute_length
  owner: devteam
  revisions:
  - 5cbde03c1103
  - 7d37cfda8e00
  tool_panel_section_id: fasta_fastq
  tool_panel_section_label: FASTA/FASTQ
- name: fasta_concatenate_by_species
  owner: devteam
  revisions:
  - 25b8736c627a
  tool_panel_section_id: fasta_fastq
  tool_panel_section_label: FASTA/FASTQ
- name: fastq_trimmer
  owner: devteam
  revisions:
  - b63b2bfb3ea3
  - f0b18efb97f1
  tool_panel_section_id: fasta_fastq
  tool_panel_section_label: FASTA/FASTQ
- name: fastq_trimmer_by_quality
  owner: devteam
  revisions:
  - 8050e091e99b
  tool_panel_section_id: fasta_fastq
  tool_panel_section_label: FASTA/FASTQ
- name: fastqtofasta
  owner: devteam
  revisions:
  - 297962e79f39
  - ac3fed111eb6
  tool_panel_section_id: fasta_fastq
  tool_panel_section_label: FASTA/FASTQ
- name: fastq_stats
  owner: devteam
  revisions:
  - f0e7deab6518
  - f86c27295151
  tool_panel_section_id: fasta_fastq
  tool_panel_section_label: FASTA/FASTQ
- name: fastq_to_tabular
  owner: devteam
  revisions:
  - 43807a65369f
  - 4b347702c4aa
  tool_panel_section_id: fasta_fastq
  tool_panel_section_label: FASTA/FASTQ
- name: fastq_combiner
  owner: devteam
  revisions:
  - 9115b978ce10
  - f1dc2a761c30
  tool_panel_section_id: fasta_fastq
  tool_panel_section_label: FASTA/FASTQ
- name: fastq_filter
  owner: devteam
  revisions:
  - '144275714590'
  - 81a9090d6df3
  tool_panel_section_id: fasta_fastq
  tool_panel_section_label: FASTA/FASTQ
- name: fastq_groomer
  owner: devteam
  revisions:
  - 47e5dbc3e790
  - e9f8633db0a2
  tool_panel_section_id: fasta_fastq
  tool_panel_section_label: FASTA/FASTQ
- name: fastq_manipulation
  owner: devteam
  revisions:
  - 5b87038565bb
  - e30352e889fe
  tool_panel_section_id: fasta_fastq
  tool_panel_section_label: FASTA/FASTQ
- name: fastq_masker_by_quality
  owner: devteam
  revisions:
  - 4e1d64e6385f
  - 9dfda4e310ed
  tool_panel_section_id: fasta_fastq
  tool_panel_section_label: FASTA/FASTQ
- name: fastq_paired_end_deinterlacer
  owner: devteam
  revisions:
  - 523c2aff0376
  - f3936d0632cb
  tool_panel_section_id: fasta_fastq
  tool_panel_section_label: FASTA/FASTQ
- name: fastq_paired_end_interlacer
  owner: devteam
  revisions:
  - 2ccb8dcabddc
  - b41c2c1bcfbf
  tool_panel_section_id: fasta_fastq
  tool_panel_section_label: FASTA/FASTQ
- name: fastq_paired_end_joiner
  owner: devteam
  revisions:
  - 8d958759cf2a
  - c885369b207b
  tool_panel_section_id: fasta_fastq
  tool_panel_section_label: FASTA/FASTQ
- name: fastq_paired_end_splitter
  owner: devteam
  revisions:
  - 397dc333436b
  - e39cc71d3ed6
  tool_panel_section_id: fasta_fastq
  tool_panel_section_label: FASTA/FASTQ
- name: fastx_renamer
  owner: devteam
  revisions:
  - b29d37ca9e41
  - f984bb114520
  tool_panel_section_id: fasta_fastq
  tool_panel_section_label: FASTA/FASTQ
- name: fastx_reverse_complement
  owner: devteam
  revisions:
  - 177f0621c266
  - 6027ef51ef91
  tool_panel_section_id: fasta_fastq
  tool_panel_section_label: FASTA/FASTQ
- name: fastx_trimmer
  owner: devteam
  revisions:
  - 61b4cedc8934
  - 73194cdd4f57
  tool_panel_section_id: fasta_fastq
  tool_panel_section_label: FASTA/FASTQ
- name: fastq_to_fasta
  owner: devteam
  revisions:
  - 77b41c89d856
  - e282bc27be9a
  tool_panel_section_id: fasta_fastq
  tool_panel_section_label: FASTA/FASTQ
- name: fastx_quality_statistics
  owner: devteam
  revisions:
  - 59003d0543cd
  - cc0fd298cc17
  tool_panel_section_id: fasta_fastq
  tool_panel_section_label: FASTA/FASTQ
- name: fastq_quality_boxplot
  owner: devteam
  revisions:
  - 7cf5b1d072b5
  - 867ab348287d
  tool_panel_section_id: fasta_fastq
  tool_panel_section_label: FASTA/FASTQ
- name: fastq_quality_converter
  owner: devteam
  revisions:
  - 045f0e1043f7
  - 54053ea6c77e
  tool_panel_section_id: fasta_fastq
  tool_panel_section_label: FASTA/FASTQ
- name: fastq_quality_filter
  owner: devteam
  revisions:
  - 64e9a6afdd0c
  - ce9cd02d5b88
  tool_panel_section_id: fasta_fastq
  tool_panel_section_label: FASTA/FASTQ
- name: fasta_formatter
  owner: devteam
  revisions:
  - 516b97a23d7e
  - 859422bcb689
  tool_panel_section_id: fasta_fastq
  tool_panel_section_label: FASTA/FASTQ
- name: fasta_nucleotide_changer
  owner: devteam
  revisions:
  - ec0b5076173a
  - f773e98b26cf
  tool_panel_section_id: fasta_fastq
  tool_panel_section_label: FASTA/FASTQ
- name: trimmomatic
  owner: pjbriggs
  revisions:
  - 14d05f2d511d
  - 2bd7cdbb6228
  - 53af7b5b1b56
  - a60283899c6d
  - b9aaed85cbd1
  - d94aff5ee623
  - f8a9a5eaca8a
  tool_panel_section_id: fasta_fastq
  tool_panel_section_label: FASTA/FASTQ
- name: fastx_collapser
  owner: devteam
  revisions:
  - 07497255281e
  - 7ce1891db6f5
  tool_panel_section_id: fasta_fastq
  tool_panel_section_label: FASTA/FASTQ
- name: fastp
  owner: iuc
  revisions:
  - 10678d49d39e
  - 65b93b623c77
  tool_panel_section_id: fasta_fastq
  tool_panel_section_label: FASTA/FASTQ
- name: fasta_filter_by_length
  owner: devteam
  revisions:
  - 8cacfcf96a52
  tool_panel_section_id: fasta_fastq
  tool_panel_section_label: FASTA/FASTQ
- name: fasta_to_tabular
  owner: devteam
  revisions:
  - e7ed3c310b74
  tool_panel_section_id: fasta_fastq
  tool_panel_section_label: FASTA/FASTQ
- name: tabular_to_fastq
  owner: devteam
  revisions:
  - 2dcfbbf9071a
  - 78fb18899c99
  tool_panel_section_id: fasta_fastq
  tool_panel_section_label: FASTA/FASTQ
- name: tabular_to_fasta
  owner: devteam
  revisions:
  - 0a7799698fe5
  tool_panel_section_id: fasta_fastq
  tool_panel_section_label: FASTA/FASTQ
- name: fastx_artifacts_filter
  owner: devteam
  revisions:
  - 529bccd5e4a1
  - d5e9e83cd3d8
  tool_panel_section_id: fasta_fastq
  tool_panel_section_label: FASTA/FASTQ
- name: trim_galore
  owner: bgruening
  revisions:
  - 11962ce40855
  - 1bf4789584dc
  - 1bfc7254232e
  - 8352713cf939
  - 949f01671246
  - cd7e644cae1d
  - eb546ac2aab2
  - eefb644655a5
  - f11ff7be8c78
  tool_panel_section_id: fasta_fastq
  tool_panel_section_label: FASTA/FASTQ
- name: umi_tools_count
  owner: iuc
  revisions:
  - 43bcc103b1e9
  - a535cf1e5da4
  tool_panel_section_id: fasta_fastq
  tool_panel_section_label: FASTA/FASTQ
- name: umi_tools_extract
  owner: iuc
  revisions:
  - 158e9e91b9fc
  - f3759eec3018
  tool_panel_section_id: fasta_fastq
  tool_panel_section_label: FASTA/FASTQ
- name: sickle
  owner: iuc
  revisions:
  - 6756c87dc2d4
  - 9108bd9450cb
  tool_panel_section_id: fasta_fastq
  tool_panel_section_label: FASTA/FASTQ
- name: seqtk
  owner: iuc
  revisions:
  - 3da72230c066
  - a019807f4e67
  - a09586d5149a
  tool_panel_section_id: fasta_fastq
  tool_panel_section_label: FASTA/FASTQ
- name: umi_tools_group
  owner: iuc
  revisions:
  - a827e3a209fa
  - d6255614afd7
  tool_panel_section_id: fasta_fastq
  tool_panel_section_label: FASTA/FASTQ
- name: umi_tools_whitelist
  owner: iuc
  revisions:
  - 953b4821b183
  - f19dee633d4a
  tool_panel_section_id: fasta_fastq
  tool_panel_section_label: FASTA/FASTQ
- name: flash
  owner: iuc
  revisions:
  - 01a4ebf1f237
  tool_panel_section_id: fasta_fastq
  tool_panel_section_label: FASTA/FASTQ
- name: mqc
  owner: rnateam
  revisions:
  - 523dd2a71270
  tool_panel_section_id: fasta_fastq
  tool_panel_section_label: FASTA/FASTQ
- name: fasta_stats
  owner: iuc
  revisions:
  - 0dbb995c7d35
  tool_panel_section_id: fasta_fastq
  tool_panel_section_label: FASTA/FASTQ
- name: filtlong
  owner: iuc
  revisions:
  - 1f296803dfa3
  - 41b2ad601cf0
  tool_panel_section_id: fasta_fastq
  tool_panel_section_label: FASTA/FASTQ
- name: fastx_clipper
  owner: devteam
  revisions:
  - 90858c306551
  - cb1e251cac37
  tool_panel_section_id: fasta_fastq
  tool_panel_section_label: FASTA/FASTQ
- name: fastx_nucleotides_distribution
  owner: devteam
  revisions:
  - ad116ae3f4d9
  - b6b54ba71bd8
  tool_panel_section_id: fasta_fastq
  tool_panel_section_label: FASTA/FASTQ
- name: fastx_barcode_splitter
  owner: devteam
  revisions:
  - 0b7ec11b3c7c
  - 4bedca26c133
  tool_panel_section_id: fasta_fastq
  tool_panel_section_label: FASTA/FASTQ
- name: bctools_extract_crosslinked_nucleotides
  owner: iuc
  revisions:
  - 12a5e6fa850e
  - 66d1f96c5600
  tool_panel_section_id: fasta_fastq
  tool_panel_section_label: FASTA/FASTQ
- name: ucsc_fasplit
  owner: iuc
  revisions:
  - bf04bd405d5b
  - d3f58a0dc09d
  tool_panel_section_id: fasta_fastq
  tool_panel_section_label: FASTA/FASTQ
- name: atactk_trim_adapters
  owner: rnateam
  revisions:
  - 9839a3fe72f7
  tool_panel_section_id: fasta_fastq
  tool_panel_section_label: FASTA/FASTQ
- name: bctools_convert_to_binary_barcode
  owner: iuc
  revisions:
  - 4f4c5a4dda59
  - b43c26de8701
  tool_panel_section_id: fasta_fastq
  tool_panel_section_label: FASTA/FASTQ
- name: bctools_extract_barcodes
  owner: iuc
  revisions:
  - ceb779d5be5b
  - fb83859f7714
  tool_panel_section_id: fasta_fastq
  tool_panel_section_label: FASTA/FASTQ
- name: bctools_extract_alignment_ends
  owner: iuc
  revisions:
  - 0be29a221b16
  - 6d41997eabdc
  tool_panel_section_id: fasta_fastq
  tool_panel_section_label: FASTA/FASTQ
- name: bctools_merge_pcr_duplicates
  owner: iuc
  revisions:
  - 04e67d8245fe
  - 2cbc4dd55cd8
  tool_panel_section_id: fasta_fastq
  tool_panel_section_label: FASTA/FASTQ
- name: bctools_remove_spurious_events
  owner: iuc
  revisions:
  - 308ab6387c75
  - 3175047fb607
  tool_panel_section_id: fasta_fastq
  tool_panel_section_label: FASTA/FASTQ
- name: bctools_remove_tail
  owner: iuc
  revisions:
  - 3c581a2b19f3
  - 6979701451c3
  tool_panel_section_id: fasta_fastq
  tool_panel_section_label: FASTA/FASTQ
- name: je_clip
  owner: gbcs-embl-heidelberg
  revisions:
  - 7f3d516cb0e2
  tool_panel_section_id: fasta_fastq
  tool_panel_section_label: FASTA/FASTQ
- name: je_demultiplex
  owner: gbcs-embl-heidelberg
  revisions:
  - bd3cdf128bcb
  tool_panel_section_id: fasta_fastq
  tool_panel_section_label: FASTA/FASTQ
- name: je_markdupes
  owner: gbcs-embl-heidelberg
  revisions:
  - 663a671f92fe
  tool_panel_section_id: fasta_fastq
  tool_panel_section_label: FASTA/FASTQ
- name: je_demultiplex_illu
  owner: gbcs-embl-heidelberg
  revisions:
  - 9dad3d0b27bc
  tool_panel_section_id: fasta_fastq
  tool_panel_section_label: FASTA/FASTQ
- name: umi_tools_dedup
  owner: iuc
  revisions:
  - 6ec3233f30a6
  - f1d33e4c7bd8
  tool_panel_section_id: fasta_fastq
  tool_panel_section_label: FASTA/FASTQ
- name: fasta_merge_files_and_filter_unique_sequences
  owner: galaxyp
  revisions:
  - f546e7278f04
  tool_panel_section_id: fasta_fastq
  tool_panel_section_label: FASTA/FASTQ
- name: align_back_trans
  owner: peterjc
  revisions:
  - 883842b81796
  tool_panel_section_id: fasta_fastq
  tool_panel_section_label: FASTA/FASTQ
- name: seq_filter_by_mapping
  owner: peterjc
  revisions:
  - 566e456371c6
  - f82868a026ea
  tool_panel_section_id: fasta_fastq
  tool_panel_section_label: FASTA/FASTQ
- name: lighter
  owner: bgruening
  revisions:
  - b0cfd92907eb
  - b4d3d0643b0a
  tool_panel_section_id: fasta_fastq
  tool_panel_section_label: FASTA/FASTQ
- name: fastq_join
  owner: lparsons
  revisions:
  - 8ec3dfde378b
  - b007d9642911
  tool_panel_section_id: fasta_fastq
  tool_panel_section_label: FASTA/FASTQ
- name: splitfasta
  owner: rnateam
  revisions:
  - 7521d865e770
  - ae4d5733272f
  tool_panel_section_id: fasta_fastq
  tool_panel_section_label: FASTA/FASTQ
- name: gfastats
  owner: bgruening
  revisions:
  - 2b8b4cacb83d
  - 3ef480892a9f
  - 3fba9c77550a
  - 50b6ec4074f4
  - 5127a713de83
  - 5799092ffdff
  - 690c2caa367e
  - 8ccbf07a5433
  - ad1149b4f795
  tool_panel_section_id: fasta_fastq
  tool_panel_section_label: FASTA/FASTQ
- name: rcorrector
  owner: iuc
  revisions:
  - 6703b98884a2
  tool_panel_section_id: fasta_fastq
  tool_panel_section_label: FASTA/FASTQ
- name: pear
  owner: iuc
  revisions:
  - b4c6f054210a
  - f69501361cec
  tool_panel_section_id: fasta_fastq
  tool_panel_section_label: FASTA/FASTQ
- name: seqcomplexity
  owner: iuc
  revisions:
  - 054c3355458d
  tool_panel_section_id: fasta_fastq
  tool_panel_section_label: FASTA/FASTQ
- name: seqkit_stats
  owner: iuc
  revisions:
  - 54a954ee64d4
  - 70b975dca7b4
  tool_panel_section_id: fasta_fastq
  tool_panel_section_label: FASTA/FASTQ
- name: seqkit_fx2tab
  owner: iuc
  revisions:
  - 13e101f5bb5d
  - b1b12eaebfa9
  tool_panel_section_id: fasta_fastq
  tool_panel_section_label: FASTA/FASTQ
- name: adapter_removal
  owner: iuc
  revisions:
  - 04d05400d3a6
  - 40874f772ea1
  tool_panel_section_id: fasta_fastq
  tool_panel_section_label: FASTA/FASTQ
- name: seqkit_locate
  owner: iuc
  revisions:
  - 54e818ea7c4d
  - 642d73815dd1
  - 6510652376b1
  tool_panel_section_id: fasta_fastq
  tool_panel_section_label: FASTA/FASTQ
- name: fasta_regex_finder
  owner: mbernt
  revisions:
  - 9a811adb714f
  tool_panel_section_id: fasta_fastq
  tool_panel_section_label: FASTA/FASTQ
- name: bbtools_bbduk
  owner: iuc
  revisions:
  - 159b04e36791
  - 6ffff37d3daf
  - a9c9d768b751
  tool_panel_section_id: fasta_fastq
  tool_panel_section_label: FASTA/FASTQ
- name: bbtools_bbmerge
  owner: iuc
  revisions:
  - c05232655d00
  - c9e516d65a3d
  tool_panel_section_id: fasta_fastq
  tool_panel_section_label: FASTA/FASTQ
- name: cpt_fasta_remove_id
  owner: cpt
  revisions:
  - 78222649a59a
  tool_panel_section_id: fasta_fastq
  tool_panel_section_label: FASTA/FASTQ
- name: prinseq
  owner: iuc
  revisions:
  - 1ee282794de3
  - 654b3a274ed5
  tool_panel_section_id: fasta_fastq
  tool_panel_section_label: FASTA/FASTQ
