install_repository_dependencies: true
install_resolver_dependencies: false
install_tool_dependencies: false
tools:
- name: spocc_occ
  owner: ecology
  revisions:
  - f64b3c1a80a6
  - f9d76a46799a
  tool_panel_section_id: get_data
  tool_panel_section_label: Get Data
- name: iedb_api
  owner: iuc
  revisions:
  - 7ed6dda64a81
  tool_panel_section_id: get_data
  tool_panel_section_label: Get Data
- name: dbbuilder
  owner: galaxyp
  revisions:
  - 983bf725dfc2
  - a85fbebe8b2f
  tool_panel_section_id: get_data
  tool_panel_section_label: Get Data
- name: sra_tools
  owner: iuc
  revisions:
  - 1790dcf3c32d
  - 26b7446bb17e
  - 494b2ec08162
  - 4df8de2d0e48
  - 653e89d73fc4
  - 69ebb7f46e45
  - 6ea73833cf67
  - 7068f48d0ef9
  - 734abc7ac21d
  - 751a694ec620
  - 83c7d564b128
  - 8848455c0270
  - aad3885b3216
  - b723c120161a
  - c441583adae5
  - e08a7ad4378b
  - f5ea3ce9b9b0
  tool_panel_section_id: get_data
  tool_panel_section_label: Get Data
- name: ncbi_acc_download
  owner: iuc
  revisions:
  - e063168e0a81
  tool_panel_section_id: get_data
  tool_panel_section_label: Get Data
- name: uniprotxml_downloader
  owner: galaxyp
  revisions:
  - 265c35540faa
  - 4ddc8da62671
  - a371252a2cf6
  - e1abc9a35c64
  tool_panel_section_id: get_data
  tool_panel_section_label: Get Data
- name: unipept
  owner: galaxyp
  revisions:
  - 21a560af5913
  - 34758ab8aaa4
  - 9aaa46d45472
  tool_panel_section_id: get_data
  tool_panel_section_label: Get Data
- name: ncbi_eutils_esearch
  owner: iuc
  revisions:
  - 30150bd36c9a
  - f3a84eecaf8b
  tool_panel_section_id: get_data
  tool_panel_section_label: Get Data
- name: ncbi_eutils_egquery
  owner: iuc
  revisions:
  - 28f69754ddc5
  - f4318232849e
  tool_panel_section_id: get_data
  tool_panel_section_label: Get Data
- name: ncbi_eutils_ecitmatch
  owner: iuc
  revisions:
  - 62614b5a7834
  - 732a52c18758
  tool_panel_section_id: get_data
  tool_panel_section_label: Get Data
- name: ncbi_eutils_epost
  owner: iuc
  revisions:
  - 196b8dd07896
  - a64d1a16f04b
  tool_panel_section_id: get_data
  tool_panel_section_label: Get Data
- name: ncbi_eutils_elink
  owner: iuc
  revisions:
  - 2791c731fc65
  - bb5af69cf3f7
  tool_panel_section_id: get_data
  tool_panel_section_label: Get Data
- name: ncbi_eutils_einfo
  owner: iuc
  revisions:
  - 5b1dc5936af2
  - 6a0463d18db2
  tool_panel_section_id: get_data
  tool_panel_section_label: Get Data
- name: ncbi_eutils_esummary
  owner: iuc
  revisions:
  - 4dc2757b8ce6
  - c8d4ea6376a7
  tool_panel_section_id: get_data
  tool_panel_section_label: Get Data
- name: ncbi_eutils_efetch
  owner: iuc
  revisions:
  - 0ccb2855dd55
  - 0fc65a60436f
  tool_panel_section_id: get_data
  tool_panel_section_label: Get Data
- name: uniprot_rest_interface
  owner: bgruening
  revisions:
  - 054483e27a35
  - 95fb5712344f
  tool_panel_section_id: get_data
  tool_panel_section_label: Get Data
- name: ensembl_get_sequences
  owner: earlhaminst
  revisions:
  - 7af66c2b3831
  - c79ce2342f1e
  tool_panel_section_id: get_data
  tool_panel_section_label: Get Data
- name: ensembl_get_genetree
  owner: earlhaminst
  revisions:
  - 515e7181d5e9
  - 667fd2d7a350
  tool_panel_section_id: get_data
  tool_panel_section_label: Get Data
- name: ensembl_get_feature_info
  owner: earlhaminst
  revisions:
  - 37cdb55f5258
  - d6bb417dc831
  tool_panel_section_id: get_data
  tool_panel_section_label: Get Data
- name: enasearch_search_data
  owner: iuc
  revisions:
  - 63b13eb2cb8a
  tool_panel_section_id: get_data
  tool_panel_section_label: Get Data
- name: enasearch_retrieve_data
  owner: iuc
  revisions:
  - 2f0210706f95
  tool_panel_section_id: get_data
  tool_panel_section_label: Get Data
- name: enasearch_retrieve_taxons
  owner: iuc
  revisions:
  - 92e869104274
  tool_panel_section_id: get_data
  tool_panel_section_label: Get Data
- name: enasearch_retrieve_analysis_report
  owner: iuc
  revisions:
  - 1e25f66e4acc
  tool_panel_section_id: get_data
  tool_panel_section_label: Get Data
- name: enasearch_retrieve_run_report
  owner: iuc
  revisions:
  - 3dd81790a236
  tool_panel_section_id: get_data
  tool_panel_section_label: Get Data
- name: ebi_search_rest_results
  owner: iuc
  revisions:
  - 42d5e40fcd0b
  tool_panel_section_id: get_data
  tool_panel_section_label: Get Data
- name: ebi_metagenomics_run_downloader
  owner: iuc
  revisions:
  - a1ef6c88ee37
  tool_panel_section_id: get_data
  tool_panel_section_label: Get Data
- name: ega_download_client
  owner: iuc
  revisions:
  - 7d87a9d58aa1
  - 9564758e8638
  - f9db47f68e5e
  tool_panel_section_id: get_data
  tool_panel_section_label: Get Data
- name: ncbi_datasets
  owner: iuc
  revisions:
  - 1e188c9610c3
  - 75acf92c8fd5
  - 7b925f7c50b2
  - a6a475ed58cb
  tool_panel_section_id: get_data
  tool_panel_section_label: Get Data
- name: pysradb_search
  owner: iuc
  revisions:
  - b91e1e70f3a1
  - f63cf0adfd87
  tool_panel_section_id: get_data
  tool_panel_section_label: Get Data
- name: ega_download_streamer
  owner: yhoogstrate
  revisions:
  - 3e2cccf08053
  tool_panel_section_id: get_data
  tool_panel_section_label: Get Data
