install_repository_dependencies: true
install_resolver_dependencies: false
install_tool_dependencies: false
tools:
- name: krakentools_combine_kreports
  owner: iuc
  revisions:
  - 073c867c5244
  tool_panel_section_id: metagenomic_analysis
  tool_panel_section_label: Metagenomic Analysis
- name: krakentools_alpha_diversity
  owner: iuc
  revisions:
  - 9d0330e23bfd
  - bab112ba9d62
  tool_panel_section_id: metagenomic_analysis
  tool_panel_section_label: Metagenomic Analysis
- name: krakentools_kreport2mpa
  owner: iuc
  revisions:
  - bb96a1e6583d
  tool_panel_section_id: metagenomic_analysis
  tool_panel_section_label: Metagenomic Analysis
- name: krakentools_kreport2krona
  owner: iuc
  revisions:
  - 2deaada69b14
  - 88d274322340
  tool_panel_section_id: metagenomic_analysis
  tool_panel_section_label: Metagenomic Analysis
- name: bracken
  owner: iuc
  revisions:
  - 79450f7fd718
  - 978ae4147c29
  tool_panel_section_id: metagenomic_analysis
  tool_panel_section_label: Metagenomic Analysis
- name: humann_split_table
  owner: iuc
  revisions:
  - e9d12c223a80
  - f00f2c835ac2
  tool_panel_section_id: metagenomic_analysis
  tool_panel_section_label: Metagenomic Analysis
- name: humann_rename_table
  owner: iuc
  revisions:
  - 094ad9c068af
  - 71ea608ddfa3
  tool_panel_section_id: metagenomic_analysis
  tool_panel_section_label: Metagenomic Analysis
- name: humann_join_tables
  owner: iuc
  revisions:
  - 6bf703133209
  - cb7de6e163ca
  tool_panel_section_id: metagenomic_analysis
  tool_panel_section_label: Metagenomic Analysis
- name: humann_associate
  owner: iuc
  revisions:
  - 1dbfcd56a5d3
  - 67b835aace09
  tool_panel_section_id: metagenomic_analysis
  tool_panel_section_label: Metagenomic Analysis
- name: metaphlan
  owner: iuc
  revisions:
  - 1a6cdf55390f
  - 6dee4abadccb
  tool_panel_section_id: metagenomic_analysis
  tool_panel_section_label: Metagenomic Analysis
- name: extract_metaphlan_database
  owner: iuc
  revisions:
  - 6efa06ffbac8
  - b4c750fe0fe3
  tool_panel_section_id: metagenomic_analysis
  tool_panel_section_label: Metagenomic Analysis
- name: drep_dereplicate
  owner: iuc
  revisions:
  - 1faea6e8c92b
  - ef7cd2e7bc05
  tool_panel_section_id: metagenomic_analysis
  tool_panel_section_label: Metagenomic Analysis
- name: drep_compare
  owner: iuc
  revisions:
  - 54aa421c2911
  - 965f73e77296
  tool_panel_section_id: metagenomic_analysis
  tool_panel_section_label: Metagenomic Analysis
- name: kraken2
  owner: iuc
  revisions:
  - e674066930b2
  tool_panel_section_id: metagenomic_analysis
  tool_panel_section_label: Metagenomic Analysis
- name: dada2_makesequencetable
  owner: iuc
  revisions:
  - 43c99742158b
  - e96bbb9e24ea
  tool_panel_section_id: metagenomic_analysis
  tool_panel_section_label: Metagenomic Analysis
- name: dada2_plotqualityprofile
  owner: iuc
  revisions:
  - 7b8cb2b02978
  - d60df8727f59
  tool_panel_section_id: metagenomic_analysis
  tool_panel_section_label: Metagenomic Analysis
- name: dada2_mergepairs
  owner: iuc
  revisions:
  - 1d75bd0595e2
  - 5c865a382933
  tool_panel_section_id: metagenomic_analysis
  tool_panel_section_label: Metagenomic Analysis
- name: dada2_assigntaxonomyaddspecies
  owner: iuc
  revisions:
  - 63f86089423e
  - 7c2100246a2f
  tool_panel_section_id: metagenomic_analysis
  tool_panel_section_label: Metagenomic Analysis
- name: dada2_seqcounts
  owner: iuc
  revisions:
  - 0a1224c4b781
  - 19299bb1c6af
  tool_panel_section_id: metagenomic_analysis
  tool_panel_section_label: Metagenomic Analysis
- name: dada2_plotcomplexity
  owner: iuc
  revisions:
  - 78faebd0879c
  - 8daf4564ccda
  tool_panel_section_id: metagenomic_analysis
  tool_panel_section_label: Metagenomic Analysis
- name: dada2_learnerrors
  owner: iuc
  revisions:
  - 04c15826a0b8
  - 75403243703a
  tool_panel_section_id: metagenomic_analysis
  tool_panel_section_label: Metagenomic Analysis
- name: dada2_dada
  owner: iuc
  revisions:
  - 1c35dadbe76f
  - 96336c6a2bb7
  tool_panel_section_id: metagenomic_analysis
  tool_panel_section_label: Metagenomic Analysis
- name: dada2_removebimeradenovo
  owner: iuc
  revisions:
  - 7136e9ab70db
  - 7f3b59dee073
  tool_panel_section_id: metagenomic_analysis
  tool_panel_section_label: Metagenomic Analysis
- name: dada2_filterandtrim
  owner: iuc
  revisions:
  - a9f4a217dcd6
  - addaf9d22850
  tool_panel_section_id: metagenomic_analysis
  tool_panel_section_label: Metagenomic Analysis
- name: metaeuk_easy_predict
  owner: iuc
  revisions:
  - be6bbdeafcb8
  tool_panel_section_id: metagenomic_analysis
  tool_panel_section_label: Metagenomic Analysis
- name: staramr
  owner: nml
  revisions:
  - 3b22de20bd4b
  - 4d83eccf5f81
  tool_panel_section_id: metagenomic_analysis
  tool_panel_section_label: Metagenomic Analysis
- name: last
  owner: iuc
  revisions:
  - 19c265784f35
  - f5a5a2b39ff2
  tool_panel_section_id: metagenomic_analysis
  tool_panel_section_label: Metagenomic Analysis
- name: mt2mq
  owner: galaxyp
  revisions:
  - e50ec3a9a3f9
  - f8d02b61e531
  tool_panel_section_id: metagenomic_analysis
  tool_panel_section_label: Metagenomic Analysis
- name: vsearch
  owner: iuc
  revisions:
  - 9495df9dd6ef
  - b3c7199d8786
  - fae6527990af
  tool_panel_section_id: metagenomic_analysis
  tool_panel_section_label: Metagenomic Analysis
- name: mash
  owner: iuc
  revisions:
  - 86dec4abcea8
  tool_panel_section_id: metagenomic_analysis
  tool_panel_section_label: Metagenomic Analysis
- name: metagene_annotator
  owner: galaxyp
  revisions:
  - b04960a7abf5
  tool_panel_section_id: metagenomic_analysis
  tool_panel_section_label: Metagenomic Analysis
- name: mash_sketch
  owner: iuc
  revisions:
  - 43f9ca23c132
  tool_panel_section_id: metagenomic_analysis
  tool_panel_section_label: Metagenomic Analysis
- name: sixgill
  owner: galaxyp
  revisions:
  - cf8eee8343fb
  tool_panel_section_id: metagenomic_analysis
  tool_panel_section_label: Metagenomic Analysis
- name: cat_bins
  owner: iuc
  revisions:
  - 18676df0cb3a
  - 31853794ace2
  tool_panel_section_id: metagenomic_analysis
  tool_panel_section_label: Metagenomic Analysis
- name: cat_contigs
  owner: iuc
  revisions:
  - 7aebc0137f20
  - c6c77d840993
  tool_panel_section_id: metagenomic_analysis
  tool_panel_section_label: Metagenomic Analysis
- name: khmer_filter_abundance
  owner: iuc
  revisions:
  - 97f65399e30d
  tool_panel_section_id: metagenomic_analysis
  tool_panel_section_label: Metagenomic Analysis
- name: khmer_filter_below_abundance_cutoff
  owner: iuc
  revisions:
  - b469ab47b490
  tool_panel_section_id: metagenomic_analysis
  tool_panel_section_label: Metagenomic Analysis
- name: khmer_extract_partitions
  owner: iuc
  revisions:
  - 98b53d46e851
  tool_panel_section_id: metagenomic_analysis
  tool_panel_section_label: Metagenomic Analysis
- name: khmer_abundance_distribution
  owner: iuc
  revisions:
  - c0caca5af183
  tool_panel_section_id: metagenomic_analysis
  tool_panel_section_label: Metagenomic Analysis
- name: khmer_count_median
  owner: iuc
  revisions:
  - 06d1d91c67e5
  tool_panel_section_id: metagenomic_analysis
  tool_panel_section_label: Metagenomic Analysis
- name: khmer_partition
  owner: iuc
  revisions:
  - b7429b53be2a
  tool_panel_section_id: metagenomic_analysis
  tool_panel_section_label: Metagenomic Analysis
- name: khmer_normalize_by_median
  owner: iuc
  revisions:
  - e84073b420a8
  tool_panel_section_id: metagenomic_analysis
  tool_panel_section_label: Metagenomic Analysis
- name: khmer_abundance_distribution_single
  owner: iuc
  revisions:
  - c018a72b523e
  tool_panel_section_id: metagenomic_analysis
  tool_panel_section_label: Metagenomic Analysis
- name: kraken
  owner: devteam
  revisions:
  - aec58624706f
  tool_panel_section_id: metagenomic_analysis
  tool_panel_section_label: Metagenomic Analysis
- name: kraken_report
  owner: devteam
  revisions:
  - 1902d3de4a4f
  - 6c09bed3444f
  tool_panel_section_id: metagenomic_analysis
  tool_panel_section_label: Metagenomic Analysis
- name: taxonomy_krona_chart
  owner: crs4
  revisions:
  - e9005d1f3cfd
  tool_panel_section_id: metagenomic_analysis
  tool_panel_section_label: Metagenomic Analysis
- name: kraken_filter
  owner: devteam
  revisions:
  - 3d6570bffdb1
  tool_panel_section_id: metagenomic_analysis
  tool_panel_section_label: Metagenomic Analysis
- name: kraken_translate
  owner: devteam
  revisions:
  - bc3e90fd13be
  tool_panel_section_id: metagenomic_analysis
  tool_panel_section_label: Metagenomic Analysis
- name: cat_add_names
  owner: iuc
  revisions:
  - 8dfc90f35aba
  - acd9fe45eb81
  tool_panel_section_id: metagenomic_analysis
  tool_panel_section_label: Metagenomic Analysis
- name: cat_summarise
  owner: iuc
  revisions:
  - 388e6678fa98
  - 7f1aaa1932d8
  tool_panel_section_id: metagenomic_analysis
  tool_panel_section_label: Metagenomic Analysis
- name: cat_prepare
  owner: iuc
  revisions:
  - 8315b5cebb82
  - a40bbd70b8b1
  tool_panel_section_id: metagenomic_analysis
  tool_panel_section_label: Metagenomic Analysis
- name: maxbin2
  owner: mbernt
  revisions:
  - 2bc40bfbcfb4
  - 8a0473eb465e
  tool_panel_section_id: metagenomic_analysis
  tool_panel_section_label: Metagenomic Analysis
- name: plasflow
  owner: iuc
  revisions:
  - bda6012394f7
  - ea270d0ad0e6
  tool_panel_section_id: metagenomic_analysis
  tool_panel_section_label: Metagenomic Analysis
- name: vegan_diversity
  owner: iuc
  revisions:
  - a2c047a2c380
  tool_panel_section_id: metagenomic_analysis
  tool_panel_section_label: Metagenomic Analysis
- name: vegan_fisher_alpha
  owner: iuc
  revisions:
  - f9966e11885b
  tool_panel_section_id: metagenomic_analysis
  tool_panel_section_label: Metagenomic Analysis
- name: vegan_rarefaction
  owner: iuc
  revisions:
  - b0d5976540e3
  tool_panel_section_id: metagenomic_analysis
  tool_panel_section_label: Metagenomic Analysis
- name: format_metaphlan2_output
  owner: bebatut
  revisions:
  - 2bfa9b200600
  - 370b56f8a02d
  tool_panel_section_id: metagenomic_analysis
  tool_panel_section_label: Metagenomic Analysis
- name: valet
  owner: iuc
  revisions:
  - 56236acaad45
  tool_panel_section_id: metagenomic_analysis
  tool_panel_section_label: Metagenomic Analysis
- name: bio_hansel
  owner: iuc
  revisions:
  - 4deefd708943
  tool_panel_section_id: metagenomic_analysis
  tool_panel_section_label: Metagenomic Analysis
- name: nonpareil
  owner: iuc
  revisions:
  - 280386b252a5
  - 45210df786b9
  tool_panel_section_id: metagenomic_analysis
  tool_panel_section_label: Metagenomic Analysis
- name: metaphlan2
  owner: iuc
  revisions:
  - 8c82c4d90cc6
  tool_panel_section_id: metagenomic_analysis
  tool_panel_section_label: Metagenomic Analysis
- name: metaphlan2krona
  owner: iuc
  revisions:
  - fdbd63e92b01
  tool_panel_section_id: metagenomic_analysis
  tool_panel_section_label: Metagenomic Analysis
- name: merge_metaphlan_tables
  owner: iuc
  revisions:
  - 0270541aaf46
  - 27250f92a01a
  tool_panel_section_id: metagenomic_analysis
  tool_panel_section_label: Metagenomic Analysis
- name: metaphlan_hclust_heatmap
  owner: iuc
  revisions:
  - f7353110d18c
  tool_panel_section_id: metagenomic_analysis
  tool_panel_section_label: Metagenomic Analysis
- name: metagenomeseq_normalization
  owner: iuc
  revisions:
  - d16f7cc26516
  tool_panel_section_id: metagenomic_analysis
  tool_panel_section_label: Metagenomic Analysis
- name: kraken_taxonomy_report
  owner: iuc
  revisions:
  - b11b3ac48bb9
  tool_panel_section_id: metagenomic_analysis
  tool_panel_section_label: Metagenomic Analysis
- name: customize_metaphlan_database
  owner: iuc
  revisions:
  - 892a0629e2ed
  - f93a61ef06cf
  tool_panel_section_id: metagenomic_analysis
  tool_panel_section_label: Metagenomic Analysis
- name: humann
  owner: iuc
  revisions:
  - 6b7622dda516
  - fc6c328c292f
  tool_panel_section_id: metagenomic_analysis
  tool_panel_section_label: Metagenomic Analysis
- name: humann_barplot
  owner: iuc
  revisions:
  - 3f16956afb8a
  - 523ae8314ef5
  tool_panel_section_id: metagenomic_analysis
  tool_panel_section_label: Metagenomic Analysis
- name: humann_reduce_table
  owner: iuc
  revisions:
  - 324c12894d59
  - 6552df6efe6b
  tool_panel_section_id: metagenomic_analysis
  tool_panel_section_label: Metagenomic Analysis
- name: humann_regroup_table
  owner: iuc
  revisions:
  - c409a495841f
  - e88b731dad59
  tool_panel_section_id: metagenomic_analysis
  tool_panel_section_label: Metagenomic Analysis
- name: humann_renorm_table
  owner: iuc
  revisions:
  - 4137b492233e
  - a293a742194f
  tool_panel_section_id: metagenomic_analysis
  tool_panel_section_label: Metagenomic Analysis
- name: humann_rna_dna_norm
  owner: iuc
  revisions:
  - 1e55949cf16e
  - dcc4123cd3e1
  tool_panel_section_id: metagenomic_analysis
  tool_panel_section_label: Metagenomic Analysis
- name: humann_split_stratified_table
  owner: iuc
  revisions:
  - 97f7bb0851e7
  - e2c71b852aba
  tool_panel_section_id: metagenomic_analysis
  tool_panel_section_label: Metagenomic Analysis
- name: humann_strain_profiler
  owner: iuc
  revisions:
  - 3f6b689894ac
  - 9540860a506f
  tool_panel_section_id: metagenomic_analysis
  tool_panel_section_label: Metagenomic Analysis
- name: krakentools_beta_diversity
  owner: iuc
  revisions:
  - b33f117e9b67
  - c254d75b8b67
  tool_panel_section_id: metagenomic_analysis
  tool_panel_section_label: Metagenomic Analysis
- name: humann_unpack_pathways
  owner: iuc
  revisions:
  - 2d35528d2141
  - 4033827c76b8
  tool_panel_section_id: metagenomic_analysis
  tool_panel_section_label: Metagenomic Analysis
- name: krakentools_extract_kraken_reads
  owner: iuc
  revisions:
  - f329328da134
  tool_panel_section_id: metagenomic_analysis
  tool_panel_section_label: Metagenomic Analysis
- name: kraken2tax
  owner: devteam
  revisions:
  - 50bd98b3ae5a
  - d844fdcce44e
  tool_panel_section_id: metagenomic_analysis
  tool_panel_section_label: Metagenomic Analysis
- name: scoary
  owner: iuc
  revisions:
  - 42a1a5750539
  tool_panel_section_id: metagenomic_analysis
  tool_panel_section_label: Metagenomic Analysis
- name: jellyfish
  owner: iuc
  revisions:
  - b4038a4d48f5
  tool_panel_section_id: metagenomic_analysis
  tool_panel_section_label: Metagenomic Analysis
- name: lotus2
  owner: earlhaminst
  revisions:
  - 1d660ee0b1c8
  tool_panel_section_id: metagenomic_analysis
  tool_panel_section_label: Metagenomic Analysis
- name: instrain_profile
  owner: iuc
  revisions:
  - c332659ecdcc
  tool_panel_section_id: metagenomic_analysis
  tool_panel_section_label: Metagenomic Analysis
- name: instrain_compare
  owner: iuc
  revisions:
  - 14e40ebee56c
  tool_panel_section_id: metagenomic_analysis
  tool_panel_section_label: Metagenomic Analysis
- name: coverm_contig
  owner: iuc
  revisions:
  - 1dcea261abbe
  - 6941d0d453ba
  tool_panel_section_id: metagenomic_analysis
  tool_panel_section_label: Metagenomic Analysis
- name: coverm_genome
  owner: iuc
  revisions:
  - 0ff4b0e5a3bc
  - 134e4e78e754
  tool_panel_section_id: metagenomic_analysis
  tool_panel_section_label: Metagenomic Analysis
- name: maaslin2
  owner: iuc
  revisions:
  - c629e6de3c49
  tool_panel_section_id: metagenomic_analysis
  tool_panel_section_label: Metagenomic Analysis
- name: malt_run
  owner: iuc
  revisions:
  - 87a1202c03e8
  tool_panel_section_id: metagenomic_analysis
  tool_panel_section_label: Metagenomic Analysis
- name: megan_sam2rma
  owner: iuc
  revisions:
  - ef0443c0eaba
  tool_panel_section_id: metagenomic_analysis
  tool_panel_section_label: Metagenomic Analysis
- name: megan_blast2rma
  owner: iuc
  revisions:
  - 45fd617493eb
  tool_panel_section_id: metagenomic_analysis
  tool_panel_section_label: Metagenomic Analysis
- name: megan_blast2lca
  owner: iuc
  revisions:
  - a80281b0172e
  tool_panel_section_id: metagenomic_analysis
  tool_panel_section_label: Metagenomic Analysis
- name: metabat2_jgi_summarize_bam_contig_depths
  owner: iuc
  revisions:
  - a4441f35f17b
  tool_panel_section_id: metagenomic_analysis
  tool_panel_section_label: Metagenomic Analysis
- name: metabat2
  owner: iuc
  revisions:
  - 708abf08a626
  tool_panel_section_id: metagenomic_analysis
  tool_panel_section_label: Metagenomic Analysis
- name: binning_refiner
  owner: iuc
  revisions:
  - 1c8d0916f97f
  tool_panel_section_id: metagenomic_analysis
  tool_panel_section_label: Metagenomic Analysis
- name: phyloseq_from_dada2
  owner: iuc
  revisions:
  - 46a99bd1f10e
  tool_panel_section_id: metagenomic_analysis
  tool_panel_section_label: Metagenomic Analysis
- name: phyloseq_plot_ordination
  owner: iuc
  revisions:
  - 11d43fa12aab
  tool_panel_section_id: metagenomic_analysis
  tool_panel_section_label: Metagenomic Analysis
- name: phyloseq_plot_richness
  owner: iuc
  revisions:
  - 92b82deaaed1
  tool_panel_section_id: metagenomic_analysis
  tool_panel_section_label: Metagenomic Analysis
- name: concoct
  owner: iuc
  revisions:
  - 147577841bb8
  - eae7ee167917
  tool_panel_section_id: metagenomic_analysis
  tool_panel_section_label: Metagenomic Analysis
- name: concoct_coverage_table
  owner: iuc
  revisions:
  - 5ded3318cf8a
  - fd31cd168efc
  tool_panel_section_id: metagenomic_analysis
  tool_panel_section_label: Metagenomic Analysis
- name: concoct_cut_up_fasta
  owner: iuc
  revisions:
  - 4d8bc5dd9e95
  - 989f1256d7a9
  tool_panel_section_id: metagenomic_analysis
  tool_panel_section_label: Metagenomic Analysis
- name: concoct_extract_fasta_bins
  owner: iuc
  revisions:
  - 505111e8aca5
  - 8b1b09fcd8b7
  tool_panel_section_id: metagenomic_analysis
  tool_panel_section_label: Metagenomic Analysis
- name: concoct_merge_cut_up_clustering
  owner: iuc
  revisions:
  - 20ccec4a2c38
  - 794d4e27925b
  tool_panel_section_id: metagenomic_analysis
  tool_panel_section_label: Metagenomic Analysis
- name: megan_daa2info
  owner: iuc
  revisions:
  - c90a645ff6e9
  tool_panel_section_id: metagenomic_analysis
  tool_panel_section_label: Metagenomic Analysis
- name: megan_daa2rma
  owner: iuc
  revisions:
  - 8a9cad43dcde
  tool_panel_section_id: metagenomic_analysis
  tool_panel_section_label: Metagenomic Analysis
- name: megan_daa_meganizer
  owner: iuc
  revisions:
  - 6ca88053665c
  tool_panel_section_id: metagenomic_analysis
  tool_panel_section_label: Metagenomic Analysis
- name: megan_read_extractor
  owner: iuc
  revisions:
  - a770f5e23615
  tool_panel_section_id: metagenomic_analysis
  tool_panel_section_label: Metagenomic Analysis
- name: itsx
  owner: bgruening
  revisions:
  - 2cbd0d66aa08
  tool_panel_section_id: metagenomic_analysis
  tool_panel_section_label: Metagenomic Analysis
- name: das_tool
  owner: iuc
  revisions:
  - bdc1f3694a23
  - e23e7bf8491b
  tool_panel_section_id: metagenomic_analysis
  tool_panel_section_label: Metagenomic Analysis
- name: fasta_to_contig2bin
  owner: iuc
  revisions:
  - c9b07cfc911c
  tool_panel_section_id: metagenomic_analysis
  tool_panel_section_label: Metagenomic Analysis
- name: recentrifuge
  owner: iuc
  revisions:
  - 824497684a1f
  - b5407cc2bf51
  tool_panel_section_id: metagenomic_analysis
  tool_panel_section_label: Metagenomic Analysis
- name: aldex2
  owner: iuc
  revisions:
  - f4d0bd4b4d6d
  tool_panel_section_id: metagenomic_analysis
  tool_panel_section_label: Metagenomic Analysis
- name: ancombc
  owner: iuc
  revisions:
  - 939c59ab61cf
  tool_panel_section_id: metagenomic_analysis
  tool_panel_section_label: Metagenomic Analysis
- name: checkm_taxonomy_wf
  owner: iuc
  revisions:
  - 2e995a9aa00e
  tool_panel_section_id: metagenomic_analysis
  tool_panel_section_label: Metagenomic Analysis
- name: checkm_tree
  owner: iuc
  revisions:
  - 6d1c282e2ce2
  tool_panel_section_id: metagenomic_analysis
  tool_panel_section_label: Metagenomic Analysis
- name: checkm_lineage_wf
  owner: iuc
  revisions:
  - f0107b9f2dc3
  tool_panel_section_id: metagenomic_analysis
  tool_panel_section_label: Metagenomic Analysis
- name: checkm_tree_qa
  owner: iuc
  revisions:
  - b9a38ce53252
  tool_panel_section_id: metagenomic_analysis
  tool_panel_section_label: Metagenomic Analysis
- name: checkm_analyze
  owner: iuc
  revisions:
  - 5ee29434330f
  tool_panel_section_id: metagenomic_analysis
  tool_panel_section_label: Metagenomic Analysis
- name: checkm_tetra
  owner: iuc
  revisions:
  - bb3b50fa4956
  tool_panel_section_id: metagenomic_analysis
  tool_panel_section_label: Metagenomic Analysis
- name: checkm_qa
  owner: iuc
  revisions:
  - 8236b90ce44c
  tool_panel_section_id: metagenomic_analysis
  tool_panel_section_label: Metagenomic Analysis
- name: checkm_taxon_set
  owner: iuc
  revisions:
  - 600b129adb72
  tool_panel_section_id: metagenomic_analysis
  tool_panel_section_label: Metagenomic Analysis
- name: checkm_plot
  owner: iuc
  revisions:
  - b24e4f6c8b4d
  tool_panel_section_id: metagenomic_analysis
  tool_panel_section_label: Metagenomic Analysis
- name: checkm_lineage_set
  owner: iuc
  revisions:
  - 640400ad260d
  tool_panel_section_id: metagenomic_analysis
  tool_panel_section_label: Metagenomic Analysis
- name: srst2
  owner: iuc
  revisions:
  - 46c5d7a0393b
  tool_panel_section_id: metagenomic_analysis
  tool_panel_section_label: Metagenomic Analysis
- name: kraken_biom
  owner: iuc
  revisions:
  - 65eb9962d272
  tool_panel_section_id: metagenomic_analysis
  tool_panel_section_label: Metagenomic Analysis
- name: vapor
  owner: iuc
  revisions:
  - 244812f5bd1f
  tool_panel_section_id: metagenomic_analysis
  tool_panel_section_label: Metagenomic Analysis
- name: kleborate
  owner: iuc
  revisions:
  - 374b2e9ade86
  - '383036561810'
  - 959920e3e800
  tool_panel_section_id: metagenomic_analysis
  tool_panel_section_label: Metagenomic Analysis
- name: polypolish
  owner: iuc
  revisions:
  - aaa868913641
  tool_panel_section_id: metagenomic_analysis
  tool_panel_section_label: Metagenomic Analysis
- name: semibin_generate_cannot_links
  owner: iuc
  revisions:
  - 078414a1226b
  - 5ae13a156271
  tool_panel_section_id: metagenomic_analysis
  tool_panel_section_label: Metagenomic Analysis
- name: semibin
  owner: iuc
  revisions:
  - 6b517dc161e4
  - 7b382efabb98
  tool_panel_section_id: metagenomic_analysis
  tool_panel_section_label: Metagenomic Analysis
- name: semibin_train
  owner: iuc
  revisions:
  - 08cc1cd58f38
  - 43df7a4c33a2
  tool_panel_section_id: metagenomic_analysis
  tool_panel_section_label: Metagenomic Analysis
- name: semibin_generate_sequence_features
  owner: iuc
  revisions:
  - 07bf5268724f
  - 0ae1a2636de5
  tool_panel_section_id: metagenomic_analysis
  tool_panel_section_label: Metagenomic Analysis
- name: semibin_bin
  owner: iuc
  revisions:
  - 474701f91bcd
  - 4d561bdc2c31
  tool_panel_section_id: metagenomic_analysis
  tool_panel_section_label: Metagenomic Analysis
- name: semibin_concatenate_fasta
  owner: iuc
  revisions:
  - dcc81bfe5f6a
  - e6bc3455940e
  tool_panel_section_id: metagenomic_analysis
  tool_panel_section_label: Metagenomic Analysis
- name: format_cd_hit_output
  owner: bebatut
  revisions:
  - 64da677bcee2
  tool_panel_section_id: metagenomic_analysis
  tool_panel_section_label: Metagenomic Analysis
- name: ampvis2_alpha_diversity
  owner: iuc
  revisions:
  - 6b8580e02e99
  tool_panel_section_id: metagenomic_analysis
  tool_panel_section_label: Metagenomic Analysis
- name: ampvis2_boxplot
  owner: iuc
  revisions:
  - 0c069fc2471c
  tool_panel_section_id: metagenomic_analysis
  tool_panel_section_label: Metagenomic Analysis
- name: ampvis2_core
  owner: iuc
  revisions:
  - de6156c8ef16
  tool_panel_section_id: metagenomic_analysis
  tool_panel_section_label: Metagenomic Analysis
- name: ampvis2_export_fasta
  owner: iuc
  revisions:
  - e10b5eebd415
  tool_panel_section_id: metagenomic_analysis
  tool_panel_section_label: Metagenomic Analysis
- name: ampvis2_frequency
  owner: iuc
  revisions:
  - 0feab98f9577
  tool_panel_section_id: metagenomic_analysis
  tool_panel_section_label: Metagenomic Analysis
- name: ampvis2_heatmap
  owner: iuc
  revisions:
  - 1979fdd0914f
  tool_panel_section_id: metagenomic_analysis
  tool_panel_section_label: Metagenomic Analysis
- name: ampvis2_load
  owner: iuc
  revisions:
  - dc0840e31406
  tool_panel_section_id: metagenomic_analysis
  tool_panel_section_label: Metagenomic Analysis
- name: ampvis2_merge_ampvis2
  owner: iuc
  revisions:
  - 028ba7c0b400
  tool_panel_section_id: metagenomic_analysis
  tool_panel_section_label: Metagenomic Analysis
- name: ampvis2_mergereplicates
  owner: iuc
  revisions:
  - 0e10df6f37c6
  tool_panel_section_id: metagenomic_analysis
  tool_panel_section_label: Metagenomic Analysis
- name: ampvis2_octave
  owner: iuc
  revisions:
  - 7b81221e7925
  tool_panel_section_id: metagenomic_analysis
  tool_panel_section_label: Metagenomic Analysis
- name: ampvis2_ordinate
  owner: iuc
  revisions:
  - be1918c80d9f
  tool_panel_section_id: metagenomic_analysis
  tool_panel_section_label: Metagenomic Analysis
- name: ampvis2_otu_network
  owner: iuc
  revisions:
  - 354d645455cd
  tool_panel_section_id: metagenomic_analysis
  tool_panel_section_label: Metagenomic Analysis
- name: ampvis2_rankabundance
  owner: iuc
  revisions:
  - 2c21c267391c
  tool_panel_section_id: metagenomic_analysis
  tool_panel_section_label: Metagenomic Analysis
- name: ampvis2_rarecurve
  owner: iuc
  revisions:
  - aeca454c398e
  tool_panel_section_id: metagenomic_analysis
  tool_panel_section_label: Metagenomic Analysis
- name: ampvis2_setmetadata
  owner: iuc
  revisions:
  - e7afc79b841e
  tool_panel_section_id: metagenomic_analysis
  tool_panel_section_label: Metagenomic Analysis
- name: ampvis2_subset_samples
  owner: iuc
  revisions:
  - 14b38ec15fe9
  tool_panel_section_id: metagenomic_analysis
  tool_panel_section_label: Metagenomic Analysis
- name: ampvis2_subset_taxa
  owner: iuc
  revisions:
  - 70a98af91147
  tool_panel_section_id: metagenomic_analysis
  tool_panel_section_label: Metagenomic Analysis
- name: ampvis2_timeseries
  owner: iuc
  revisions:
  - 77d2f88d8716
  tool_panel_section_id: metagenomic_analysis
  tool_panel_section_label: Metagenomic Analysis
- name: ampvis2_venn
  owner: iuc
  revisions:
  - 62c6d4c55190
  tool_panel_section_id: metagenomic_analysis
  tool_panel_section_label: Metagenomic Analysis
- name: dram_strainer
  owner: iuc
  revisions:
  - 5b577e90f822
  - 684676cd6512
  tool_panel_section_id: metagenomic_analysis
  tool_panel_section_label: Metagenomic Analysis
- name: dram_distill
  owner: iuc
  revisions:
  - 9a0944d08a99
  - f9a3ea1c618c
  tool_panel_section_id: metagenomic_analysis
  tool_panel_section_label: Metagenomic Analysis
- name: dram_annotate
  owner: iuc
  revisions:
  - 0515750e7b10
  - cf3f6929b52c
  tool_panel_section_id: metagenomic_analysis
  tool_panel_section_label: Metagenomic Analysis
- name: dram_merge_annotations
  owner: iuc
  revisions:
  - 2675f8d7b2a5
  - 866be6c60810
  tool_panel_section_id: metagenomic_analysis
  tool_panel_section_label: Metagenomic Analysis
- name: dram_neighborhoods
  owner: iuc
  revisions:
  - 669459119c20
  - fc93558da540
  tool_panel_section_id: metagenomic_analysis
  tool_panel_section_label: Metagenomic Analysis
- name: t2t_report
  owner: devteam
  revisions:
  - 592acb9505fc
  tool_panel_section_id: metagenomic_analysis
  tool_panel_section_label: Metagenomic Analysis
- name: t2ps
  owner: devteam
  revisions:
  - 4d9910e996f7
  tool_panel_section_id: metagenomic_analysis
  tool_panel_section_label: Metagenomic Analysis
- name: poisson2test
  owner: devteam
  revisions:
  - 5ff18ec88181
  tool_panel_section_id: metagenomic_analysis
  tool_panel_section_label: Metagenomic Analysis
- name: lca_wrapper
  owner: devteam
  revisions:
  - 33e8ed5a4601
  tool_panel_section_id: metagenomic_analysis
  tool_panel_section_label: Metagenomic Analysis
- name: gi2taxonomy
  owner: devteam
  revisions:
  - 7b1b03c4465d
  tool_panel_section_id: metagenomic_analysis
  tool_panel_section_label: Metagenomic Analysis
- name: find_diag_hits
  owner: devteam
  revisions:
  - acf51ff24c7d
  tool_panel_section_id: metagenomic_analysis
  tool_panel_section_label: Metagenomic Analysis
- name: group_humann2_uniref_abundances_to_go
  owner: bebatut
  revisions:
  - cad28d7b49d2
  - fd2cf7c9d3ec
  tool_panel_section_id: metagenomic_analysis
  tool_panel_section_label: Metagenomic Analysis
- name: compare_humann2_output
  owner: bebatut
  revisions:
  - c1aca37cb1fc
  - eaa95ea1195c
  tool_panel_section_id: metagenomic_analysis
  tool_panel_section_label: Metagenomic Analysis
- name: interproscan5
  owner: bgruening
  revisions:
  - e32f2ea6a139
  tool_panel_section_id: metagenomic_analysis
  tool_panel_section_label: Metagenomic Analysis
- name: combine_metaphlan2_humann2
  owner: bebatut
  revisions:
  - 01ac9954c27f
  - 31394a0c0242
  - fdfb35745104
  tool_panel_section_id: metagenomic_analysis
  tool_panel_section_label: Metagenomic Analysis
- name: mapseq
  owner: iuc
  revisions:
  - f1d1dafc836d
  tool_panel_section_id: metagenomic_analysis
  tool_panel_section_label: Metagenomic Analysis
