install_repository_dependencies: true
install_resolver_dependencies: false
install_tool_dependencies: false
tools:
- name: tracy_basecall
  owner: iuc
  revisions:
  - 806fb8363272
  - f2e0d83186c7
  tool_panel_section_id: sanger_sequencing
  tool_panel_section_label: Sanger Sequencing
- name: tracy_align
  owner: iuc
  revisions:
  - 80e3f678b947
  - b0afd480167a
  tool_panel_section_id: sanger_sequencing
  tool_panel_section_label: Sanger Sequencing
- name: tracy_decompose
  owner: iuc
  revisions:
  - 6ec40b104f9d
  - d6ef5937ded6
  tool_panel_section_id: sanger_sequencing
  tool_panel_section_label: Sanger Sequencing
- name: tracy_assemble
  owner: iuc
  revisions:
  - 897b1ff9e906
  - 99d31ec6629b
  tool_panel_section_id: sanger_sequencing
  tool_panel_section_label: Sanger Sequencing
