tools:
- name: onto_tk_get_ancestor_terms
  owner: iuc
  revisions:
  - 347b617a79c0
  tool_panel_section_id: obo_ontology_manipulation
  tool_panel_section_label: OBO Ontology manipulation
  tool_shed_url: toolshed.g2.bx.psu.edu
- name: onto_tk_get_relationship_types
  owner: iuc
  revisions:
  - a6c8e5934ed2
  tool_panel_section_id: obo_ontology_manipulation
  tool_panel_section_label: OBO Ontology manipulation
  tool_shed_url: toolshed.g2.bx.psu.edu
- name: onto_tk_get_relationship_id_vs_relationship_def
  owner: iuc
  revisions:
  - a1836eeabc82
  tool_panel_section_id: obo_ontology_manipulation
  tool_panel_section_label: OBO Ontology manipulation
  tool_shed_url: toolshed.g2.bx.psu.edu
- name: onto_tk_get_terms_by_relationship_type
  owner: iuc
  revisions:
  - 1959f84dd91d
  tool_panel_section_id: obo_ontology_manipulation
  tool_panel_section_label: OBO Ontology manipulation
  tool_shed_url: toolshed.g2.bx.psu.edu
- name: onto_tk_get_relationship_id_vs_relationship_name
  owner: iuc
  revisions:
  - 42ec3e9fdf7b
  tool_panel_section_id: obo_ontology_manipulation
  tool_panel_section_label: OBO Ontology manipulation
  tool_shed_url: toolshed.g2.bx.psu.edu
