install_repository_dependencies: true
install_resolver_dependencies: false
install_tool_dependencies: false
tools:
- name: dimspy_align_samples
  owner: computational-metabolomics
  revisions:
  - 7b6f148bd99f
  tool_panel_section_id: metabolomics
  tool_panel_section_label: Metabolomics
- name: dimspy_replicate_filter
  owner: computational-metabolomics
  revisions:
  - 6cb796aa12c8
  tool_panel_section_id: metabolomics
  tool_panel_section_label: Metabolomics
- name: dimspy_process_scans
  owner: computational-metabolomics
  revisions:
  - bc099f2346a1
  tool_panel_section_id: metabolomics
  tool_panel_section_label: Metabolomics
- name: metfrag_vis
  owner: computational-metabolomics
  revisions:
  - 3dbe79671820
  tool_panel_section_id: metabolomics
  tool_panel_section_label: Metabolomics
- name: dimspy_get_peaklists
  owner: computational-metabolomics
  revisions:
  - ce1dd96a9ac7
  tool_panel_section_id: metabolomics
  tool_panel_section_label: Metabolomics
- name: dimspy_hdf5_to_txt
  owner: computational-metabolomics
  revisions:
  - 1b254abecb4a
  tool_panel_section_id: metabolomics
  tool_panel_section_label: Metabolomics
- name: dimspy_missing_values_sample_filter
  owner: computational-metabolomics
  revisions:
  - 763f27eb2d9d
  tool_panel_section_id: metabolomics
  tool_panel_section_label: Metabolomics
- name: dimspy_sample_filter
  owner: computational-metabolomics
  revisions:
  - cd489cbd4d1c
  tool_panel_section_id: metabolomics
  tool_panel_section_label: Metabolomics
- name: dimspy_blank_filter
  owner: computational-metabolomics
  revisions:
  - c2078c6d019d
  tool_panel_section_id: metabolomics
  tool_panel_section_label: Metabolomics
- name: sirius_csifingerid
  owner: computational-metabolomics
  revisions:
  - 9e6bf7278257
  - 8dac4cef0a22
  tool_panel_section_id: metabolomics
  tool_panel_section_label: Metabolomics
- name: metfrag
  owner: computational-metabolomics
  revisions:
  - f151ee133612
  tool_panel_section_id: metabolomics
  tool_panel_section_label: Metabolomics
- name: dimspy_merge_peaklists
  owner: computational-metabolomics
  revisions:
  - 8edfa0f2b1ea
  tool_panel_section_id: metabolomics
  tool_panel_section_label: Metabolomics
- name: w4mclassfilter
  owner: eschen42
  revisions:
  - aae9fa9a7d4d
  tool_panel_section_id: metabolomics
  tool_panel_section_label: Metabolomics
- name: genform
  owner: workflow4metabolomics
  revisions:
  - 963722c4e1da
  tool_panel_section_id: metabolomics
  tool_panel_section_label: Metabolomics
- name: nmr_annotation
  owner: marie-tremblay-metatoul
  revisions:
  - 0ff2d9211ebe
  tool_panel_section_id: metabolomics
  tool_panel_section_label: Metabolomics
- name: tablemerge
  owner: melpetera
  revisions:
  - e44c5246247a
  tool_panel_section_id: metabolomics
  tool_panel_section_label: Metabolomics
- name: normalization
  owner: marie-tremblay-metatoul
  revisions:
  - f9554d5bb47e
  - 221cbd549c40
  tool_panel_section_id: metabolomics
  tool_panel_section_label: Metabolomics
- name: mixmodel4repeated_measures
  owner: jfrancoismartin
  revisions:
  - 1422de181204
  - a3147e3d66e2
  tool_panel_section_id: metabolomics
  tool_panel_section_label: Metabolomics
- name: asca
  owner: marie-tremblay-metatoul
  revisions:
  - 93312041f1d5
  tool_panel_section_id: metabolomics
  tool_panel_section_label: Metabolomics
- name: bank_inhouse
  owner: fgiacomoni
  revisions:
  - 52798007c6b2
  tool_panel_section_id: metabolomics
  tool_panel_section_label: Metabolomics
- name: lcmsmatching
  owner: prog
  revisions:
  - f86fec07f392
  tool_panel_section_id: metabolomics
  tool_panel_section_label: Metabolomics
- name: golm_ws_lib_search
  owner: fgiacomoni
  revisions:
  - 28d579fa1718
  tool_panel_section_id: metabolomics
  tool_panel_section_label: Metabolomics
- name: nmr_preprocessing
  owner: marie-tremblay-metatoul
  revisions:
  - 6e837e9352a2
  tool_panel_section_id: metabolomics
  tool_panel_section_label: Metabolomics
- name: lipidmaps_textsearch
  owner: fgiacomoni
  revisions:
  - f4e6b77c46e3
  tool_panel_section_id: metabolomics
  tool_panel_section_label: Metabolomics
- name: w4mcorcov
  owner: eschen42
  revisions:
  - 90708fdbc22d
  tool_panel_section_id: metabolomics
  tool_panel_section_label: Metabolomics
- name: w4mjoinpn
  owner: eschen42
  revisions:
  - dcfaffec48c8
  tool_panel_section_id: metabolomics
  tool_panel_section_label: Metabolomics
- name: qualitymetrics
  owner: ethevenot
  revisions:
  - acdf51018708
  tool_panel_section_id: metabolomics
  tool_panel_section_label: Metabolomics
- name: metams_rungc
  owner: yguitton
  revisions:
  - 93508ea69eb5
  tool_panel_section_id: metabolomics
  tool_panel_section_label: Metabolomics
- name: withinvariation
  owner: yguitton
  revisions:
  - 5086ad0c0992
  tool_panel_section_id: metabolomics
  tool_panel_section_label: Metabolomics
- name: checkformat
  owner: ethevenot
  revisions:
  - e7c5811ec12f
  tool_panel_section_id: metabolomics
  tool_panel_section_label: Metabolomics
- name: massbank_ws_searchspectrum
  owner: fgiacomoni
  revisions:
  - 023c380900ef
  tool_panel_section_id: metabolomics
  tool_panel_section_label: Metabolomics
- name: probmetab
  owner: mmonsoor
  revisions:
  - 52b222a626b0
  tool_panel_section_id: metabolomics
  tool_panel_section_label: Metabolomics
- name: camera_combinexsannos
  owner: mmonsoor
  revisions:
  - 479a83f62863
  - 961089e21ae2
  tool_panel_section_id: metabolomics
  tool_panel_section_label: Metabolomics
- name: profia
  owner: ethevenot
  revisions:
  - de9d1270a9ae
  tool_panel_section_id: metabolomics
  tool_panel_section_label: Metabolomics
- name: nmr_bucketing
  owner: marie-tremblay-metatoul
  revisions:
  - 4d5c06b46c2f
  tool_panel_section_id: metabolomics
  tool_panel_section_label: Metabolomics
- name: nmr_alignment
  owner: marie-tremblay-metatoul
  revisions:
  - 265ee538e120
  tool_panel_section_id: metabolomics
  tool_panel_section_label: Metabolomics
- name: isoplot
  owner: workflow4metabolomics
  revisions:
  - dd3e046a72ad
  - 61c959ebdef5
  tool_panel_section_id: metabolomics
  tool_panel_section_label: Metabolomics
- name: matchms_similarity
  owner: recetox
  revisions:
  - 872d8040f713
  tool_panel_section_id: metabolomics
  tool_panel_section_label: Metabolomics
