install_repository_dependencies: true
install_resolver_dependencies: false
install_tool_dependencies: false
tools:
- name: macs
  owner: devteam
  revisions:
  - e5f3bfba6812
  tool_panel_section_id: peak_calling
  tool_panel_section_label: Peak Calling
- name: sicer
  owner: devteam
  revisions:
  - 5c2cc3b58c7d
  tool_panel_section_id: peak_calling
  tool_panel_section_label: Peak Calling
- name: ccat
  owner: devteam
  revisions:
  - 1a6979fbd544
  tool_panel_section_id: peak_calling
  tool_panel_section_label: Peak Calling
- name: genrich
  owner: iuc
  revisions:
  - 8353f3cc03db
  tool_panel_section_id: peak_calling
  tool_panel_section_label: Peak Calling
- name: diffbind
  owner: bgruening
  revisions:
  - 194e3f2c1d86
  - f907216064f6
  tool_panel_section_id: peak_calling
  tool_panel_section_label: Peak Calling
- name: peakachu
  owner: rnateam
  revisions:
  - 940b1d632f4d
  tool_panel_section_id: peak_calling
  tool_panel_section_label: Peak Calling
- name: zerone
  owner: iuc
  revisions:
  - 75962a01d8ab
  tool_panel_section_id: peak_calling
  tool_panel_section_label: Peak Calling
- name: pureclip
  owner: iuc
  revisions:
  - 75bf02d7d1c8
  - fd1f57782683
  tool_panel_section_id: peak_calling
  tool_panel_section_label: Peak Calling
- name: piranha
  owner: rnateam
  revisions:
  - f7f366ede872
  tool_panel_section_id: peak_calling
  tool_panel_section_label: Peak Calling
- name: htseq_clip
  owner: rnateam
  revisions:
  - c82c41550f82
  tool_panel_section_id: peak_calling
  tool_panel_section_label: Peak Calling
- name: dewseq
  owner: rnateam
  revisions:
  - e1cb2e012307
  tool_panel_section_id: peak_calling
  tool_panel_section_label: Peak Calling
